// !$*UTF8*$!
{
	archiveVersion = 1;
	classes = {
	};
	objectVersion = 51;
	objects = {

/* Begin PBXBuildFile section */
		45016B6023D529F900694AF7 /* String.swift in Sources */ = {isa = PBXBuildFile; fileRef = 45016B5F23D529F900694AF7 /* String.swift */; };
		451F7DD5232C3D9C00DFEBFA /* NearByController.swift in Sources */ = {isa = PBXBuildFile; fileRef = 451F7DD4232C3D9C00DFEBFA /* NearByController.swift */; };
		451F7DD7232C3EEC00DFEBFA /* FeedController.swift in Sources */ = {isa = PBXBuildFile; fileRef = 451F7DD6232C3EEC00DFEBFA /* FeedController.swift */; };
		451F7DD9232C404400DFEBFA /* FavorController.swift in Sources */ = {isa = PBXBuildFile; fileRef = 451F7DD8232C404400DFEBFA /* FavorController.swift */; };
		451F7DDB232C428500DFEBFA /* ProfileController.swift in Sources */ = {isa = PBXBuildFile; fileRef = 451F7DDA232C428500DFEBFA /* ProfileController.swift */; };
		451F7E12232ED20A00DFEBFA /* StoreManager.swift in Sources */ = {isa = PBXBuildFile; fileRef = 451F7E11232ED20A00DFEBFA /* StoreManager.swift */; };
		451F7E15232ED39100DFEBFA /* Post.swift in Sources */ = {isa = PBXBuildFile; fileRef = 451F7E14232ED39100DFEBFA /* Post.swift */; };
		451F7E17232ED3B200DFEBFA /* Comment.swift in Sources */ = {isa = PBXBuildFile; fileRef = 451F7E16232ED3B200DFEBFA /* Comment.swift */; };
		451F7E19232ED3D900DFEBFA /* User.swift in Sources */ = {isa = PBXBuildFile; fileRef = 451F7E18232ED3D900DFEBFA /* User.swift */; };
		451F7E1C232ED46100DFEBFA /* HelpFunctions.swift in Sources */ = {isa = PBXBuildFile; fileRef = 451F7E1B232ED46100DFEBFA /* HelpFunctions.swift */; };
		451F7E20232ED5DD00DFEBFA /* BasicContentView.swift in Sources */ = {isa = PBXBuildFile; fileRef = 451F7E1F232ED5DD00DFEBFA /* BasicContentView.swift */; };
		451F7E22232ED5FC00DFEBFA /* BouncesContentView.swift in Sources */ = {isa = PBXBuildFile; fileRef = 451F7E21232ED5FC00DFEBFA /* BouncesContentView.swift */; };
		451F7E24232ED65B00DFEBFA /* TabBasicContentView.swift in Sources */ = {isa = PBXBuildFile; fileRef = 451F7E23232ED65B00DFEBFA /* TabBasicContentView.swift */; };
		451F7E29232EE62900DFEBFA /* PostCell.swift in Sources */ = {isa = PBXBuildFile; fileRef = 451F7E28232EE62900DFEBFA /* PostCell.swift */; };
		451F7E2B232EE72500DFEBFA /* PhotoCell.swift in Sources */ = {isa = PBXBuildFile; fileRef = 451F7E2A232EE72500DFEBFA /* PhotoCell.swift */; };
		451F7E2D232EE8E600DFEBFA /* BaseCollectionViewCell.swift in Sources */ = {isa = PBXBuildFile; fileRef = 451F7E2C232EE8E600DFEBFA /* BaseCollectionViewCell.swift */; };
		451F7E2F232EE92900DFEBFA /* BaseTableViewCell.swift in Sources */ = {isa = PBXBuildFile; fileRef = 451F7E2E232EE92900DFEBFA /* BaseTableViewCell.swift */; };
		45343FDA23481013001FDDED /* awsconfiguration.json in Resources */ = {isa = PBXBuildFile; fileRef = 45343FD923481013001FDDED /* awsconfiguration.json */; };
		4545CC0923D016FF00C66713 /* LocationRow.swift in Sources */ = {isa = PBXBuildFile; fileRef = 4545CC0823D016FF00C66713 /* LocationRow.swift */; };
		4545CC0B23D02B3D00C66713 /* ImageRow.swift in Sources */ = {isa = PBXBuildFile; fileRef = 4545CC0A23D02B3D00C66713 /* ImageRow.swift */; };
		4545CC1323D0400C00C66713 /* CustomCell.xib in Resources */ = {isa = PBXBuildFile; fileRef = 4545CC1223D0400C00C66713 /* CustomCell.xib */; };
		455FDD112335C81C0075509A /* ReviewArtWork.swift in Sources */ = {isa = PBXBuildFile; fileRef = 455FDD102335C81C0075509A /* ReviewArtWork.swift */; };
		456E523923D140D4001839E3 /* PixelEditor.swift in Sources */ = {isa = PBXBuildFile; fileRef = 456E520F23D140D4001839E3 /* PixelEditor.swift */; };
		456E523A23D140D4001839E3 /* Options.swift in Sources */ = {isa = PBXBuildFile; fileRef = 456E521023D140D4001839E3 /* Options.swift */; };
		456E523B23D140D4001839E3 /* L10n.swift in Sources */ = {isa = PBXBuildFile; fileRef = 456E521123D140D4001839E3 /* L10n.swift */; };
		456E523C23D140D4001839E3 /* Media.xcassets in Resources */ = {isa = PBXBuildFile; fileRef = 456E521223D140D4001839E3 /* Media.xcassets */; };
		456E523D23D140D4001839E3 /* EditorLog.swift in Sources */ = {isa = PBXBuildFile; fileRef = 456E521523D140D4001839E3 /* EditorLog.swift */; };
		456E523E23D140D4001839E3 /* DryDrawingView.swift in Sources */ = {isa = PBXBuildFile; fileRef = 456E521723D140D4001839E3 /* DryDrawingView.swift */; };
		456E523F23D140D4001839E3 /* EditMenuControlView.swift in Sources */ = {isa = PBXBuildFile; fileRef = 456E521923D140D4001839E3 /* EditMenuControlView.swift */; };
		456E524023D140D4001839E3 /* ColorCubeControlView.swift in Sources */ = {isa = PBXBuildFile; fileRef = 456E521A23D140D4001839E3 /* ColorCubeControlView.swift */; };
		456E524123D140D4001839E3 /* ExposureControl.swift in Sources */ = {isa = PBXBuildFile; fileRef = 456E521C23D140D4001839E3 /* ExposureControl.swift */; };
		456E524223D140D4001839E3 /* SharpenControl.swift in Sources */ = {isa = PBXBuildFile; fileRef = 456E521D23D140D4001839E3 /* SharpenControl.swift */; };
		456E524323D140D4001839E3 /* SaturationControl.swift in Sources */ = {isa = PBXBuildFile; fileRef = 456E521E23D140D4001839E3 /* SaturationControl.swift */; };
		456E524423D140D4001839E3 /* TempCode.swift in Sources */ = {isa = PBXBuildFile; fileRef = 456E521F23D140D4001839E3 /* TempCode.swift */; };
		456E524523D140D4001839E3 /* FilterControlBase.swift in Sources */ = {isa = PBXBuildFile; fileRef = 456E522023D140D4001839E3 /* FilterControlBase.swift */; };
		456E524623D140D4001839E3 /* HighlightsControl.swift in Sources */ = {isa = PBXBuildFile; fileRef = 456E522123D140D4001839E3 /* HighlightsControl.swift */; };
		456E524723D140D4001839E3 /* ClarityControl.swift in Sources */ = {isa = PBXBuildFile; fileRef = 456E522223D140D4001839E3 /* ClarityControl.swift */; };
		456E524823D140D4001839E3 /* VignetteControl.swift in Sources */ = {isa = PBXBuildFile; fileRef = 456E522323D140D4001839E3 /* VignetteControl.swift */; };
		456E524923D140D4001839E3 /* GaussianBlurControl.swift in Sources */ = {isa = PBXBuildFile; fileRef = 456E522423D140D4001839E3 /* GaussianBlurControl.swift */; };
		456E524A23D140D4001839E3 /* TemperatureControl.swift in Sources */ = {isa = PBXBuildFile; fileRef = 456E522523D140D4001839E3 /* TemperatureControl.swift */; };
		456E524B23D140D4001839E3 /* ContrastControl.swift in Sources */ = {isa = PBXBuildFile; fileRef = 456E522623D140D4001839E3 /* ContrastControl.swift */; };
		456E524C23D140D4001839E3 /* ShadowsControl.swift in Sources */ = {isa = PBXBuildFile; fileRef = 456E522723D140D4001839E3 /* ShadowsControl.swift */; };
		456E524D23D140D4001839E3 /* FadeControl.swift in Sources */ = {isa = PBXBuildFile; fileRef = 456E522823D140D4001839E3 /* FadeControl.swift */; };
		456E524E23D140D4001839E3 /* DoodleControlView.swift in Sources */ = {isa = PBXBuildFile; fileRef = 456E522923D140D4001839E3 /* DoodleControlView.swift */; };
		456E524F23D140D4001839E3 /* NavigationView.swift in Sources */ = {isa = PBXBuildFile; fileRef = 456E522A23D140D4001839E3 /* NavigationView.swift */; };
		456E525023D140D4001839E3 /* AdjustmentControlView.swift in Sources */ = {isa = PBXBuildFile; fileRef = 456E522B23D140D4001839E3 /* AdjustmentControlView.swift */; };
		456E525123D140D4001839E3 /* ControlStackView.swift in Sources */ = {isa = PBXBuildFile; fileRef = 456E522C23D140D4001839E3 /* ControlStackView.swift */; };
		456E525223D140D4001839E3 /* RootControlView.swift in Sources */ = {isa = PBXBuildFile; fileRef = 456E522D23D140D4001839E3 /* RootControlView.swift */; };
		456E525323D140D4001839E3 /* MaskControlView.swift in Sources */ = {isa = PBXBuildFile; fileRef = 456E522E23D140D4001839E3 /* MaskControlView.swift */; };
		456E525423D140D4001839E3 /* ControlViewBase.swift in Sources */ = {isa = PBXBuildFile; fileRef = 456E522F23D140D4001839E3 /* ControlViewBase.swift */; };
		456E525523D140D4001839E3 /* ZoomImageView.swift in Sources */ = {isa = PBXBuildFile; fileRef = 456E523023D140D4001839E3 /* ZoomImageView.swift */; };
		456E525623D140D4001839E3 /* ImageScrollView.swift in Sources */ = {isa = PBXBuildFile; fileRef = 456E523123D140D4001839E3 /* ImageScrollView.swift */; };
		456E525723D140D4001839E3 /* StepSlider.swift in Sources */ = {isa = PBXBuildFile; fileRef = 456E523223D140D4001839E3 /* StepSlider.swift */; };
		456E525823D140D4001839E3 /* Style.swift in Sources */ = {isa = PBXBuildFile; fileRef = 456E523323D140D4001839E3 /* Style.swift */; };
		456E525923D140D4001839E3 /* PixelEditViewController.swift in Sources */ = {isa = PBXBuildFile; fileRef = 456E523423D140D4001839E3 /* PixelEditViewController.swift */; };
		456E525A23D140D4001839E3 /* ImagePreviewView.swift in Sources */ = {isa = PBXBuildFile; fileRef = 456E523623D140D4001839E3 /* ImagePreviewView.swift */; };
		456E525B23D140D4001839E3 /* BlurredMosaicView.swift in Sources */ = {isa = PBXBuildFile; fileRef = 456E523723D140D4001839E3 /* BlurredMosaicView.swift */; };
		456E525C23D140D4001839E3 /* CropAndStraightenView.swift in Sources */ = {isa = PBXBuildFile; fileRef = 456E523823D140D4001839E3 /* CropAndStraightenView.swift */; };
		456E528723D1412D001839E3 /* ColorCube.swift in Sources */ = {isa = PBXBuildFile; fileRef = 456E525E23D1412D001839E3 /* ColorCube.swift */; };
		456E528823D1412D001839E3 /* Geometry.swift in Sources */ = {isa = PBXBuildFile; fileRef = 456E525F23D1412D001839E3 /* Geometry.swift */; };
		456E528923D1412D001839E3 /* MetalImageView.swift in Sources */ = {isa = PBXBuildFile; fileRef = 456E526123D1412D001839E3 /* MetalImageView.swift */; };
		456E528A23D1412D001839E3 /* HardwareImageView.swift in Sources */ = {isa = PBXBuildFile; fileRef = 456E526223D1412D001839E3 /* HardwareImageView.swift */; };
		456E528B23D1412D001839E3 /* GLImageView.swift in Sources */ = {isa = PBXBuildFile; fileRef = 456E526323D1412D001839E3 /* GLImageView.swift */; };
		456E528C23D1412D001839E3 /* GraphicDrawing.swift in Sources */ = {isa = PBXBuildFile; fileRef = 456E526423D1412D001839E3 /* GraphicDrawing.swift */; };
		456E528D23D1412D001839E3 /* EngineLog.swift in Sources */ = {isa = PBXBuildFile; fileRef = 456E526623D1412D001839E3 /* EngineLog.swift */; };
		456E528E23D1412D001839E3 /* ColorCubeStorage.swift in Sources */ = {isa = PBXBuildFile; fileRef = 456E526723D1412D001839E3 /* ColorCubeStorage.swift */; };
		456E528F23D1412D001839E3 /* ImageSource.swift in Sources */ = {isa = PBXBuildFile; fileRef = 456E526823D1412D001839E3 /* ImageSource.swift */; };
		456E529023D1412D001839E3 /* Filtering.swift in Sources */ = {isa = PBXBuildFile; fileRef = 456E526923D1412D001839E3 /* Filtering.swift */; };
		456E529123D1412D001839E3 /* DrawnPathInRect.swift in Sources */ = {isa = PBXBuildFile; fileRef = 456E526A23D1412D001839E3 /* DrawnPathInRect.swift */; };
		456E529223D1412D001839E3 /* BlurredMask.swift in Sources */ = {isa = PBXBuildFile; fileRef = 456E526B23D1412D001839E3 /* BlurredMask.swift */; };
		456E529323D1412D001839E3 /* EditingStack.swift in Sources */ = {isa = PBXBuildFile; fileRef = 456E526C23D1412D001839E3 /* EditingStack.swift */; };
		456E529423D1412D001839E3 /* OvalBrush.swift in Sources */ = {isa = PBXBuildFile; fileRef = 456E526D23D1412D001839E3 /* OvalBrush.swift */; };
		456E529523D1412D001839E3 /* InternalUtils.swift in Sources */ = {isa = PBXBuildFile; fileRef = 456E526E23D1412D001839E3 /* InternalUtils.swift */; };
		456E529623D1412D001839E3 /* ParameterRange.swift in Sources */ = {isa = PBXBuildFile; fileRef = 456E526F23D1412D001839E3 /* ParameterRange.swift */; };
		456E529723D1412D001839E3 /* FilterVignette.swift in Sources */ = {isa = PBXBuildFile; fileRef = 456E527123D1412D001839E3 /* FilterVignette.swift */; };
		456E529823D1412E001839E3 /* FilterHighlightShadowTint.swift in Sources */ = {isa = PBXBuildFile; fileRef = 456E527223D1412D001839E3 /* FilterHighlightShadowTint.swift */; };
		456E529923D1412E001839E3 /* FilterColorCube.swift in Sources */ = {isa = PBXBuildFile; fileRef = 456E527323D1412D001839E3 /* FilterColorCube.swift */; };
		456E529A23D1412E001839E3 /* FilterShadows.swift in Sources */ = {isa = PBXBuildFile; fileRef = 456E527423D1412D001839E3 /* FilterShadows.swift */; };
		456E529B23D1412E001839E3 /* FilterSaturation.swift in Sources */ = {isa = PBXBuildFile; fileRef = 456E527523D1412D001839E3 /* FilterSaturation.swift */; };
		456E529C23D1412E001839E3 /* FilterTemperature.swift in Sources */ = {isa = PBXBuildFile; fileRef = 456E527623D1412D001839E3 /* FilterTemperature.swift */; };
		456E529D23D1412E001839E3 /* FilterBrightness.swift in Sources */ = {isa = PBXBuildFile; fileRef = 456E527723D1412D001839E3 /* FilterBrightness.swift */; };
		456E529E23D1412E001839E3 /* FilterExposure.swift in Sources */ = {isa = PBXBuildFile; fileRef = 456E527823D1412D001839E3 /* FilterExposure.swift */; };
		456E529F23D1412E001839E3 /* FilterSharpen.swift in Sources */ = {isa = PBXBuildFile; fileRef = 456E527923D1412D001839E3 /* FilterSharpen.swift */; };
		456E52A023D1412E001839E3 /* FilterHighlights.swift in Sources */ = {isa = PBXBuildFile; fileRef = 456E527A23D1412D001839E3 /* FilterHighlights.swift */; };
		456E52A123D1412E001839E3 /* FilterContrast.swift in Sources */ = {isa = PBXBuildFile; fileRef = 456E527B23D1412D001839E3 /* FilterContrast.swift */; };
		456E52A223D1412E001839E3 /* FilterGaussianBlur.swift in Sources */ = {isa = PBXBuildFile; fileRef = 456E527C23D1412D001839E3 /* FilterGaussianBlur.swift */; };
		456E52A323D1412E001839E3 /* FilterFade.swift in Sources */ = {isa = PBXBuildFile; fileRef = 456E527D23D1412D001839E3 /* FilterFade.swift */; };
		456E52A423D1412E001839E3 /* FilterUnsharpMask.swift in Sources */ = {isa = PBXBuildFile; fileRef = 456E527E23D1412D001839E3 /* FilterUnsharpMask.swift */; };
		456E52A523D1412E001839E3 /* DrawnPath.swift in Sources */ = {isa = PBXBuildFile; fileRef = 456E527F23D1412D001839E3 /* DrawnPath.swift */; };
		456E52A623D1412E001839E3 /* YUCIColorLookup.cikernel in Resources */ = {isa = PBXBuildFile; fileRef = 456E528123D1412D001839E3 /* YUCIColorLookup.cikernel */; };
		456E52A723D1412E001839E3 /* ImageTool.swift in Sources */ = {isa = PBXBuildFile; fileRef = 456E528323D1412D001839E3 /* ImageTool.swift */; };
		456E52A823D1412E001839E3 /* ImageRenderer.swift in Sources */ = {isa = PBXBuildFile; fileRef = 456E528423D1412D001839E3 /* ImageRenderer.swift */; };
		456E52A923D1412E001839E3 /* Layer.swift in Sources */ = {isa = PBXBuildFile; fileRef = 456E528523D1412D001839E3 /* Layer.swift */; };
		456E52AA23D1412E001839E3 /* PixelEngine.swift in Sources */ = {isa = PBXBuildFile; fileRef = 456E528623D1412D001839E3 /* PixelEngine.swift */; };
		456E52B623D14C5C001839E3 /* LUT_M01.png in Resources */ = {isa = PBXBuildFile; fileRef = 456E52AC23D14C5C001839E3 /* LUT_M01.png */; };
		456E52B723D14C5C001839E3 /* LUT_M02.png in Resources */ = {isa = PBXBuildFile; fileRef = 456E52AD23D14C5C001839E3 /* LUT_M02.png */; };
		456E52B823D14C5C001839E3 /* LUT_M03.png in Resources */ = {isa = PBXBuildFile; fileRef = 456E52AE23D14C5C001839E3 /* LUT_M03.png */; };
		456E52B923D14C5C001839E3 /* LUT_M07.png in Resources */ = {isa = PBXBuildFile; fileRef = 456E52AF23D14C5C001839E3 /* LUT_M07.png */; };
		456E52BA23D14C5C001839E3 /* LUT_M06.png in Resources */ = {isa = PBXBuildFile; fileRef = 456E52B023D14C5C001839E3 /* LUT_M06.png */; };
		456E52BB23D14C5C001839E3 /* LUT_M12.png in Resources */ = {isa = PBXBuildFile; fileRef = 456E52B123D14C5C001839E3 /* LUT_M12.png */; };
		456E52BC23D14C5C001839E3 /* LUT_M11.png in Resources */ = {isa = PBXBuildFile; fileRef = 456E52B223D14C5C001839E3 /* LUT_M11.png */; };
		456E52BD23D14C5C001839E3 /* LUT_M05.png in Resources */ = {isa = PBXBuildFile; fileRef = 456E52B323D14C5C001839E3 /* LUT_M05.png */; };
		456E52BE23D14C5C001839E3 /* LUT_M08.png in Resources */ = {isa = PBXBuildFile; fileRef = 456E52B423D14C5C001839E3 /* LUT_M08.png */; };
		456E52BF23D14C5C001839E3 /* LUT_M09.png in Resources */ = {isa = PBXBuildFile; fileRef = 456E52B523D14C5C001839E3 /* LUT_M09.png */; };
		456E52C323D155AD001839E3 /* CollectionExtension.swift in Sources */ = {isa = PBXBuildFile; fileRef = 456E52C223D155AD001839E3 /* CollectionExtension.swift */; };
		456E52C523D155DF001839E3 /* PIXELLICENSE.rtf in Resources */ = {isa = PBXBuildFile; fileRef = 456E52C423D155DF001839E3 /* PIXELLICENSE.rtf */; };
		459293B0232AC515008B8B86 /* AppDelegate.swift in Sources */ = {isa = PBXBuildFile; fileRef = 459293AF232AC515008B8B86 /* AppDelegate.swift */; };
		459293B2232AC515008B8B86 /* ViewController.swift in Sources */ = {isa = PBXBuildFile; fileRef = 459293B1232AC515008B8B86 /* ViewController.swift */; };
		459293B5232AC515008B8B86 /* Main.storyboard in Resources */ = {isa = PBXBuildFile; fileRef = 459293B3232AC515008B8B86 /* Main.storyboard */; };
		459293B8232AC515008B8B86 /* StreetTagged.xcdatamodeld in Sources */ = {isa = PBXBuildFile; fileRef = 459293B6232AC515008B8B86 /* StreetTagged.xcdatamodeld */; };
		459293BA232AC516008B8B86 /* Assets.xcassets in Resources */ = {isa = PBXBuildFile; fileRef = 459293B9232AC516008B8B86 /* Assets.xcassets */; };
		459293BD232AC516008B8B86 /* LaunchScreen.storyboard in Resources */ = {isa = PBXBuildFile; fileRef = 459293BB232AC516008B8B86 /* LaunchScreen.storyboard */; };
		459293C8232AC516008B8B86 /* StreetTaggedTests.swift in Sources */ = {isa = PBXBuildFile; fileRef = 459293C7232AC516008B8B86 /* StreetTaggedTests.swift */; };
		459293D3232AC516008B8B86 /* StreetTaggedUITests.swift in Sources */ = {isa = PBXBuildFile; fileRef = 459293D2232AC516008B8B86 /* StreetTaggedUITests.swift */; };
		459293E6232C1838008B8B86 /* BasicNavigationController.swift in Sources */ = {isa = PBXBuildFile; fileRef = 459293E5232C1838008B8B86 /* BasicNavigationController.swift */; };
		459293F8232C19FB008B8B86 /* TabbarLayOut.swift in Sources */ = {isa = PBXBuildFile; fileRef = 459293F7232C19FB008B8B86 /* TabbarLayOut.swift */; };
		45A571A023D2A10800D4A218 /* LoadingView.swift in Sources */ = {isa = PBXBuildFile; fileRef = 45A5719F23D2A10800D4A218 /* LoadingView.swift */; };
		45E0B3C223383DFE0061C98C /* Globals.swift in Sources */ = {isa = PBXBuildFile; fileRef = 45E0B3C123383DFE0061C98C /* Globals.swift */; };
		45E0B3C523383E720061C98C /* UserManagement.swift in Sources */ = {isa = PBXBuildFile; fileRef = 45E0B3C423383E720061C98C /* UserManagement.swift */; };
		45FB709C233AEA55008C4477 /* ImageManagement.swift in Sources */ = {isa = PBXBuildFile; fileRef = 45FB709B233AEA55008C4477 /* ImageManagement.swift */; };
		45FB709E233BD0F3008C4477 /* UploadArtController.swift in Sources */ = {isa = PBXBuildFile; fileRef = 45FB709D233BD0F3008C4477 /* UploadArtController.swift */; };
		57761FFF1ECA05EFDEFC46FD /* Pods_StreetTagged.framework in Frameworks */ = {isa = PBXBuildFile; fileRef = 671C029D5F821E0A14A649F3 /* Pods_StreetTagged.framework */; };
		8DEF7A96E7ED25198CBBFB5E /* Pods_StreetTaggedTests.framework in Frameworks */ = {isa = PBXBuildFile; fileRef = D8F91922923BA51E6C95F62E /* Pods_StreetTaggedTests.framework */; };
		B0A182B2264DABB37B41B80C /* Pods_StreetTaggedUITests.framework in Frameworks */ = {isa = PBXBuildFile; fileRef = 7E68A09E61126E717A7A3591 /* Pods_StreetTaggedUITests.framework */; };
		F6A9AC01234F3B7F00E01006 /* CustomAnnotation.swift in Sources */ = {isa = PBXBuildFile; fileRef = F6A9AC00234F3B7F00E01006 /* CustomAnnotation.swift */; };
		F6A9AC03234F3D2400E01006 /* CustomCalloutView.swift in Sources */ = {isa = PBXBuildFile; fileRef = F6A9AC02234F3D2400E01006 /* CustomCalloutView.swift */; };
		F6B4111823D302E200E5FD70 /* StreamViewController.swift in Sources */ = {isa = PBXBuildFile; fileRef = F6B4111723D302E200E5FD70 /* StreamViewController.swift */; };
/* End PBXBuildFile section */

/* Begin PBXContainerItemProxy section */
		459293C4232AC516008B8B86 /* PBXContainerItemProxy */ = {
			isa = PBXContainerItemProxy;
			containerPortal = 459293A4232AC515008B8B86 /* Project object */;
			proxyType = 1;
			remoteGlobalIDString = 459293AB232AC515008B8B86;
			remoteInfo = StreetTagged;
		};
		459293CF232AC516008B8B86 /* PBXContainerItemProxy */ = {
			isa = PBXContainerItemProxy;
			containerPortal = 459293A4232AC515008B8B86 /* Project object */;
			proxyType = 1;
			remoteGlobalIDString = 459293AB232AC515008B8B86;
			remoteInfo = StreetTagged;
		};
/* End PBXContainerItemProxy section */

/* Begin PBXFileReference section */
		45016B5F23D529F900694AF7 /* String.swift */ = {isa = PBXFileReference; lastKnownFileType = sourcecode.swift; path = String.swift; sourceTree = "<group>"; };
		451F7DD4232C3D9C00DFEBFA /* NearByController.swift */ = {isa = PBXFileReference; lastKnownFileType = sourcecode.swift; path = NearByController.swift; sourceTree = "<group>"; };
		451F7DD6232C3EEC00DFEBFA /* FeedController.swift */ = {isa = PBXFileReference; lastKnownFileType = sourcecode.swift; path = FeedController.swift; sourceTree = "<group>"; };
		451F7DD8232C404400DFEBFA /* FavorController.swift */ = {isa = PBXFileReference; lastKnownFileType = sourcecode.swift; path = FavorController.swift; sourceTree = "<group>"; };
		451F7DDA232C428500DFEBFA /* ProfileController.swift */ = {isa = PBXFileReference; lastKnownFileType = sourcecode.swift; path = ProfileController.swift; sourceTree = "<group>"; };
		451F7E11232ED20A00DFEBFA /* StoreManager.swift */ = {isa = PBXFileReference; lastKnownFileType = sourcecode.swift; path = StoreManager.swift; sourceTree = "<group>"; };
		451F7E14232ED39100DFEBFA /* Post.swift */ = {isa = PBXFileReference; lastKnownFileType = sourcecode.swift; path = Post.swift; sourceTree = "<group>"; };
		451F7E16232ED3B200DFEBFA /* Comment.swift */ = {isa = PBXFileReference; lastKnownFileType = sourcecode.swift; path = Comment.swift; sourceTree = "<group>"; };
		451F7E18232ED3D900DFEBFA /* User.swift */ = {isa = PBXFileReference; lastKnownFileType = sourcecode.swift; path = User.swift; sourceTree = "<group>"; };
		451F7E1B232ED46100DFEBFA /* HelpFunctions.swift */ = {isa = PBXFileReference; lastKnownFileType = sourcecode.swift; path = HelpFunctions.swift; sourceTree = "<group>"; };
		451F7E1F232ED5DD00DFEBFA /* BasicContentView.swift */ = {isa = PBXFileReference; lastKnownFileType = sourcecode.swift; path = BasicContentView.swift; sourceTree = "<group>"; };
		451F7E21232ED5FC00DFEBFA /* BouncesContentView.swift */ = {isa = PBXFileReference; lastKnownFileType = sourcecode.swift; path = BouncesContentView.swift; sourceTree = "<group>"; };
		451F7E23232ED65B00DFEBFA /* TabBasicContentView.swift */ = {isa = PBXFileReference; lastKnownFileType = sourcecode.swift; path = TabBasicContentView.swift; sourceTree = "<group>"; };
		451F7E28232EE62900DFEBFA /* PostCell.swift */ = {isa = PBXFileReference; lastKnownFileType = sourcecode.swift; path = PostCell.swift; sourceTree = "<group>"; };
		451F7E2A232EE72500DFEBFA /* PhotoCell.swift */ = {isa = PBXFileReference; lastKnownFileType = sourcecode.swift; path = PhotoCell.swift; sourceTree = "<group>"; };
		451F7E2C232EE8E600DFEBFA /* BaseCollectionViewCell.swift */ = {isa = PBXFileReference; lastKnownFileType = sourcecode.swift; path = BaseCollectionViewCell.swift; sourceTree = "<group>"; };
		451F7E2E232EE92900DFEBFA /* BaseTableViewCell.swift */ = {isa = PBXFileReference; lastKnownFileType = sourcecode.swift; path = BaseTableViewCell.swift; sourceTree = "<group>"; };
		45343FD923481013001FDDED /* awsconfiguration.json */ = {isa = PBXFileReference; fileEncoding = 4; lastKnownFileType = text.json; path = awsconfiguration.json; sourceTree = "<group>"; };
		4545CC0823D016FF00C66713 /* LocationRow.swift */ = {isa = PBXFileReference; lastKnownFileType = sourcecode.swift; path = LocationRow.swift; sourceTree = "<group>"; };
		4545CC0A23D02B3D00C66713 /* ImageRow.swift */ = {isa = PBXFileReference; lastKnownFileType = sourcecode.swift; path = ImageRow.swift; sourceTree = "<group>"; };
		4545CC1223D0400C00C66713 /* CustomCell.xib */ = {isa = PBXFileReference; lastKnownFileType = file.xib; path = CustomCell.xib; sourceTree = "<group>"; };
		455FDD102335C81C0075509A /* ReviewArtWork.swift */ = {isa = PBXFileReference; lastKnownFileType = sourcecode.swift; path = ReviewArtWork.swift; sourceTree = "<group>"; };
		456C0B2423CAAA03001B7BEB /* AppConfig.xcconfig */ = {isa = PBXFileReference; lastKnownFileType = text.xcconfig; path = AppConfig.xcconfig; sourceTree = "<group>"; };
		456E520F23D140D4001839E3 /* PixelEditor.swift */ = {isa = PBXFileReference; fileEncoding = 4; lastKnownFileType = sourcecode.swift; path = PixelEditor.swift; sourceTree = "<group>"; };
		456E521023D140D4001839E3 /* Options.swift */ = {isa = PBXFileReference; fileEncoding = 4; lastKnownFileType = sourcecode.swift; path = Options.swift; sourceTree = "<group>"; };
		456E521123D140D4001839E3 /* L10n.swift */ = {isa = PBXFileReference; fileEncoding = 4; lastKnownFileType = sourcecode.swift; path = L10n.swift; sourceTree = "<group>"; };
		456E521223D140D4001839E3 /* Media.xcassets */ = {isa = PBXFileReference; lastKnownFileType = folder.assetcatalog; path = Media.xcassets; sourceTree = "<group>"; };
		456E521323D140D4001839E3 /* PixelEditor.h */ = {isa = PBXFileReference; fileEncoding = 4; lastKnownFileType = sourcecode.c.h; path = PixelEditor.h; sourceTree = "<group>"; };
		456E521523D140D4001839E3 /* EditorLog.swift */ = {isa = PBXFileReference; fileEncoding = 4; lastKnownFileType = sourcecode.swift; path = EditorLog.swift; sourceTree = "<group>"; };
		456E521723D140D4001839E3 /* DryDrawingView.swift */ = {isa = PBXFileReference; fileEncoding = 4; lastKnownFileType = sourcecode.swift; path = DryDrawingView.swift; sourceTree = "<group>"; };
		456E521923D140D4001839E3 /* EditMenuControlView.swift */ = {isa = PBXFileReference; fileEncoding = 4; lastKnownFileType = sourcecode.swift; path = EditMenuControlView.swift; sourceTree = "<group>"; };
		456E521A23D140D4001839E3 /* ColorCubeControlView.swift */ = {isa = PBXFileReference; fileEncoding = 4; lastKnownFileType = sourcecode.swift; path = ColorCubeControlView.swift; sourceTree = "<group>"; };
		456E521C23D140D4001839E3 /* ExposureControl.swift */ = {isa = PBXFileReference; fileEncoding = 4; lastKnownFileType = sourcecode.swift; path = ExposureControl.swift; sourceTree = "<group>"; };
		456E521D23D140D4001839E3 /* SharpenControl.swift */ = {isa = PBXFileReference; fileEncoding = 4; lastKnownFileType = sourcecode.swift; path = SharpenControl.swift; sourceTree = "<group>"; };
		456E521E23D140D4001839E3 /* SaturationControl.swift */ = {isa = PBXFileReference; fileEncoding = 4; lastKnownFileType = sourcecode.swift; path = SaturationControl.swift; sourceTree = "<group>"; };
		456E521F23D140D4001839E3 /* TempCode.swift */ = {isa = PBXFileReference; fileEncoding = 4; lastKnownFileType = sourcecode.swift; path = TempCode.swift; sourceTree = "<group>"; };
		456E522023D140D4001839E3 /* FilterControlBase.swift */ = {isa = PBXFileReference; fileEncoding = 4; lastKnownFileType = sourcecode.swift; path = FilterControlBase.swift; sourceTree = "<group>"; };
		456E522123D140D4001839E3 /* HighlightsControl.swift */ = {isa = PBXFileReference; fileEncoding = 4; lastKnownFileType = sourcecode.swift; path = HighlightsControl.swift; sourceTree = "<group>"; };
		456E522223D140D4001839E3 /* ClarityControl.swift */ = {isa = PBXFileReference; fileEncoding = 4; lastKnownFileType = sourcecode.swift; path = ClarityControl.swift; sourceTree = "<group>"; };
		456E522323D140D4001839E3 /* VignetteControl.swift */ = {isa = PBXFileReference; fileEncoding = 4; lastKnownFileType = sourcecode.swift; path = VignetteControl.swift; sourceTree = "<group>"; };
		456E522423D140D4001839E3 /* GaussianBlurControl.swift */ = {isa = PBXFileReference; fileEncoding = 4; lastKnownFileType = sourcecode.swift; path = GaussianBlurControl.swift; sourceTree = "<group>"; };
		456E522523D140D4001839E3 /* TemperatureControl.swift */ = {isa = PBXFileReference; fileEncoding = 4; lastKnownFileType = sourcecode.swift; path = TemperatureControl.swift; sourceTree = "<group>"; };
		456E522623D140D4001839E3 /* ContrastControl.swift */ = {isa = PBXFileReference; fileEncoding = 4; lastKnownFileType = sourcecode.swift; path = ContrastControl.swift; sourceTree = "<group>"; };
		456E522723D140D4001839E3 /* ShadowsControl.swift */ = {isa = PBXFileReference; fileEncoding = 4; lastKnownFileType = sourcecode.swift; path = ShadowsControl.swift; sourceTree = "<group>"; };
		456E522823D140D4001839E3 /* FadeControl.swift */ = {isa = PBXFileReference; fileEncoding = 4; lastKnownFileType = sourcecode.swift; path = FadeControl.swift; sourceTree = "<group>"; };
		456E522923D140D4001839E3 /* DoodleControlView.swift */ = {isa = PBXFileReference; fileEncoding = 4; lastKnownFileType = sourcecode.swift; path = DoodleControlView.swift; sourceTree = "<group>"; };
		456E522A23D140D4001839E3 /* NavigationView.swift */ = {isa = PBXFileReference; fileEncoding = 4; lastKnownFileType = sourcecode.swift; path = NavigationView.swift; sourceTree = "<group>"; };
		456E522B23D140D4001839E3 /* AdjustmentControlView.swift */ = {isa = PBXFileReference; fileEncoding = 4; lastKnownFileType = sourcecode.swift; path = AdjustmentControlView.swift; sourceTree = "<group>"; };
		456E522C23D140D4001839E3 /* ControlStackView.swift */ = {isa = PBXFileReference; fileEncoding = 4; lastKnownFileType = sourcecode.swift; path = ControlStackView.swift; sourceTree = "<group>"; };
		456E522D23D140D4001839E3 /* RootControlView.swift */ = {isa = PBXFileReference; fileEncoding = 4; lastKnownFileType = sourcecode.swift; path = RootControlView.swift; sourceTree = "<group>"; };
		456E522E23D140D4001839E3 /* MaskControlView.swift */ = {isa = PBXFileReference; fileEncoding = 4; lastKnownFileType = sourcecode.swift; path = MaskControlView.swift; sourceTree = "<group>"; };
		456E522F23D140D4001839E3 /* ControlViewBase.swift */ = {isa = PBXFileReference; fileEncoding = 4; lastKnownFileType = sourcecode.swift; path = ControlViewBase.swift; sourceTree = "<group>"; };
		456E523023D140D4001839E3 /* ZoomImageView.swift */ = {isa = PBXFileReference; fileEncoding = 4; lastKnownFileType = sourcecode.swift; path = ZoomImageView.swift; sourceTree = "<group>"; };
		456E523123D140D4001839E3 /* ImageScrollView.swift */ = {isa = PBXFileReference; fileEncoding = 4; lastKnownFileType = sourcecode.swift; path = ImageScrollView.swift; sourceTree = "<group>"; };
		456E523223D140D4001839E3 /* StepSlider.swift */ = {isa = PBXFileReference; fileEncoding = 4; lastKnownFileType = sourcecode.swift; path = StepSlider.swift; sourceTree = "<group>"; };
		456E523323D140D4001839E3 /* Style.swift */ = {isa = PBXFileReference; fileEncoding = 4; lastKnownFileType = sourcecode.swift; path = Style.swift; sourceTree = "<group>"; };
		456E523423D140D4001839E3 /* PixelEditViewController.swift */ = {isa = PBXFileReference; fileEncoding = 4; lastKnownFileType = sourcecode.swift; path = PixelEditViewController.swift; sourceTree = "<group>"; };
		456E523623D140D4001839E3 /* ImagePreviewView.swift */ = {isa = PBXFileReference; fileEncoding = 4; lastKnownFileType = sourcecode.swift; path = ImagePreviewView.swift; sourceTree = "<group>"; };
		456E523723D140D4001839E3 /* BlurredMosaicView.swift */ = {isa = PBXFileReference; fileEncoding = 4; lastKnownFileType = sourcecode.swift; path = BlurredMosaicView.swift; sourceTree = "<group>"; };
		456E523823D140D4001839E3 /* CropAndStraightenView.swift */ = {isa = PBXFileReference; fileEncoding = 4; lastKnownFileType = sourcecode.swift; path = CropAndStraightenView.swift; sourceTree = "<group>"; };
		456E525E23D1412D001839E3 /* ColorCube.swift */ = {isa = PBXFileReference; fileEncoding = 4; lastKnownFileType = sourcecode.swift; path = ColorCube.swift; sourceTree = "<group>"; };
		456E525F23D1412D001839E3 /* Geometry.swift */ = {isa = PBXFileReference; fileEncoding = 4; lastKnownFileType = sourcecode.swift; path = Geometry.swift; sourceTree = "<group>"; };
		456E526123D1412D001839E3 /* MetalImageView.swift */ = {isa = PBXFileReference; fileEncoding = 4; lastKnownFileType = sourcecode.swift; path = MetalImageView.swift; sourceTree = "<group>"; };
		456E526223D1412D001839E3 /* HardwareImageView.swift */ = {isa = PBXFileReference; fileEncoding = 4; lastKnownFileType = sourcecode.swift; path = HardwareImageView.swift; sourceTree = "<group>"; };
		456E526323D1412D001839E3 /* GLImageView.swift */ = {isa = PBXFileReference; fileEncoding = 4; lastKnownFileType = sourcecode.swift; path = GLImageView.swift; sourceTree = "<group>"; };
		456E526423D1412D001839E3 /* GraphicDrawing.swift */ = {isa = PBXFileReference; fileEncoding = 4; lastKnownFileType = sourcecode.swift; path = GraphicDrawing.swift; sourceTree = "<group>"; };
		456E526523D1412D001839E3 /* PixelEngine.h */ = {isa = PBXFileReference; fileEncoding = 4; lastKnownFileType = sourcecode.c.h; path = PixelEngine.h; sourceTree = "<group>"; };
		456E526623D1412D001839E3 /* EngineLog.swift */ = {isa = PBXFileReference; fileEncoding = 4; lastKnownFileType = sourcecode.swift; path = EngineLog.swift; sourceTree = "<group>"; };
		456E526723D1412D001839E3 /* ColorCubeStorage.swift */ = {isa = PBXFileReference; fileEncoding = 4; lastKnownFileType = sourcecode.swift; path = ColorCubeStorage.swift; sourceTree = "<group>"; };
		456E526823D1412D001839E3 /* ImageSource.swift */ = {isa = PBXFileReference; fileEncoding = 4; lastKnownFileType = sourcecode.swift; path = ImageSource.swift; sourceTree = "<group>"; };
		456E526923D1412D001839E3 /* Filtering.swift */ = {isa = PBXFileReference; fileEncoding = 4; lastKnownFileType = sourcecode.swift; path = Filtering.swift; sourceTree = "<group>"; };
		456E526A23D1412D001839E3 /* DrawnPathInRect.swift */ = {isa = PBXFileReference; fileEncoding = 4; lastKnownFileType = sourcecode.swift; path = DrawnPathInRect.swift; sourceTree = "<group>"; };
		456E526B23D1412D001839E3 /* BlurredMask.swift */ = {isa = PBXFileReference; fileEncoding = 4; lastKnownFileType = sourcecode.swift; path = BlurredMask.swift; sourceTree = "<group>"; };
		456E526C23D1412D001839E3 /* EditingStack.swift */ = {isa = PBXFileReference; fileEncoding = 4; lastKnownFileType = sourcecode.swift; path = EditingStack.swift; sourceTree = "<group>"; };
		456E526D23D1412D001839E3 /* OvalBrush.swift */ = {isa = PBXFileReference; fileEncoding = 4; lastKnownFileType = sourcecode.swift; path = OvalBrush.swift; sourceTree = "<group>"; };
		456E526E23D1412D001839E3 /* InternalUtils.swift */ = {isa = PBXFileReference; fileEncoding = 4; lastKnownFileType = sourcecode.swift; path = InternalUtils.swift; sourceTree = "<group>"; };
		456E526F23D1412D001839E3 /* ParameterRange.swift */ = {isa = PBXFileReference; fileEncoding = 4; lastKnownFileType = sourcecode.swift; path = ParameterRange.swift; sourceTree = "<group>"; };
		456E527123D1412D001839E3 /* FilterVignette.swift */ = {isa = PBXFileReference; fileEncoding = 4; lastKnownFileType = sourcecode.swift; path = FilterVignette.swift; sourceTree = "<group>"; };
		456E527223D1412D001839E3 /* FilterHighlightShadowTint.swift */ = {isa = PBXFileReference; fileEncoding = 4; lastKnownFileType = sourcecode.swift; path = FilterHighlightShadowTint.swift; sourceTree = "<group>"; };
		456E527323D1412D001839E3 /* FilterColorCube.swift */ = {isa = PBXFileReference; fileEncoding = 4; lastKnownFileType = sourcecode.swift; path = FilterColorCube.swift; sourceTree = "<group>"; };
		456E527423D1412D001839E3 /* FilterShadows.swift */ = {isa = PBXFileReference; fileEncoding = 4; lastKnownFileType = sourcecode.swift; path = FilterShadows.swift; sourceTree = "<group>"; };
		456E527523D1412D001839E3 /* FilterSaturation.swift */ = {isa = PBXFileReference; fileEncoding = 4; lastKnownFileType = sourcecode.swift; path = FilterSaturation.swift; sourceTree = "<group>"; };
		456E527623D1412D001839E3 /* FilterTemperature.swift */ = {isa = PBXFileReference; fileEncoding = 4; lastKnownFileType = sourcecode.swift; path = FilterTemperature.swift; sourceTree = "<group>"; };
		456E527723D1412D001839E3 /* FilterBrightness.swift */ = {isa = PBXFileReference; fileEncoding = 4; lastKnownFileType = sourcecode.swift; path = FilterBrightness.swift; sourceTree = "<group>"; };
		456E527823D1412D001839E3 /* FilterExposure.swift */ = {isa = PBXFileReference; fileEncoding = 4; lastKnownFileType = sourcecode.swift; path = FilterExposure.swift; sourceTree = "<group>"; };
		456E527923D1412D001839E3 /* FilterSharpen.swift */ = {isa = PBXFileReference; fileEncoding = 4; lastKnownFileType = sourcecode.swift; path = FilterSharpen.swift; sourceTree = "<group>"; };
		456E527A23D1412D001839E3 /* FilterHighlights.swift */ = {isa = PBXFileReference; fileEncoding = 4; lastKnownFileType = sourcecode.swift; path = FilterHighlights.swift; sourceTree = "<group>"; };
		456E527B23D1412D001839E3 /* FilterContrast.swift */ = {isa = PBXFileReference; fileEncoding = 4; lastKnownFileType = sourcecode.swift; path = FilterContrast.swift; sourceTree = "<group>"; };
		456E527C23D1412D001839E3 /* FilterGaussianBlur.swift */ = {isa = PBXFileReference; fileEncoding = 4; lastKnownFileType = sourcecode.swift; path = FilterGaussianBlur.swift; sourceTree = "<group>"; };
		456E527D23D1412D001839E3 /* FilterFade.swift */ = {isa = PBXFileReference; fileEncoding = 4; lastKnownFileType = sourcecode.swift; path = FilterFade.swift; sourceTree = "<group>"; };
		456E527E23D1412D001839E3 /* FilterUnsharpMask.swift */ = {isa = PBXFileReference; fileEncoding = 4; lastKnownFileType = sourcecode.swift; path = FilterUnsharpMask.swift; sourceTree = "<group>"; };
		456E527F23D1412D001839E3 /* DrawnPath.swift */ = {isa = PBXFileReference; fileEncoding = 4; lastKnownFileType = sourcecode.swift; path = DrawnPath.swift; sourceTree = "<group>"; };
		456E528123D1412D001839E3 /* YUCIColorLookup.cikernel */ = {isa = PBXFileReference; fileEncoding = 4; lastKnownFileType = text; path = YUCIColorLookup.cikernel; sourceTree = "<group>"; };
		456E528323D1412D001839E3 /* ImageTool.swift */ = {isa = PBXFileReference; fileEncoding = 4; lastKnownFileType = sourcecode.swift; path = ImageTool.swift; sourceTree = "<group>"; };
		456E528423D1412D001839E3 /* ImageRenderer.swift */ = {isa = PBXFileReference; fileEncoding = 4; lastKnownFileType = sourcecode.swift; path = ImageRenderer.swift; sourceTree = "<group>"; };
		456E528523D1412D001839E3 /* Layer.swift */ = {isa = PBXFileReference; fileEncoding = 4; lastKnownFileType = sourcecode.swift; path = Layer.swift; sourceTree = "<group>"; };
		456E528623D1412D001839E3 /* PixelEngine.swift */ = {isa = PBXFileReference; fileEncoding = 4; lastKnownFileType = sourcecode.swift; path = PixelEngine.swift; sourceTree = "<group>"; };
		456E52AC23D14C5C001839E3 /* LUT_M01.png */ = {isa = PBXFileReference; lastKnownFileType = image.png; path = LUT_M01.png; sourceTree = "<group>"; };
		456E52AD23D14C5C001839E3 /* LUT_M02.png */ = {isa = PBXFileReference; lastKnownFileType = image.png; path = LUT_M02.png; sourceTree = "<group>"; };
		456E52AE23D14C5C001839E3 /* LUT_M03.png */ = {isa = PBXFileReference; lastKnownFileType = image.png; path = LUT_M03.png; sourceTree = "<group>"; };
		456E52AF23D14C5C001839E3 /* LUT_M07.png */ = {isa = PBXFileReference; lastKnownFileType = image.png; path = LUT_M07.png; sourceTree = "<group>"; };
		456E52B023D14C5C001839E3 /* LUT_M06.png */ = {isa = PBXFileReference; lastKnownFileType = image.png; path = LUT_M06.png; sourceTree = "<group>"; };
		456E52B123D14C5C001839E3 /* LUT_M12.png */ = {isa = PBXFileReference; lastKnownFileType = image.png; path = LUT_M12.png; sourceTree = "<group>"; };
		456E52B223D14C5C001839E3 /* LUT_M11.png */ = {isa = PBXFileReference; lastKnownFileType = image.png; path = LUT_M11.png; sourceTree = "<group>"; };
		456E52B323D14C5C001839E3 /* LUT_M05.png */ = {isa = PBXFileReference; lastKnownFileType = image.png; path = LUT_M05.png; sourceTree = "<group>"; };
		456E52B423D14C5C001839E3 /* LUT_M08.png */ = {isa = PBXFileReference; lastKnownFileType = image.png; path = LUT_M08.png; sourceTree = "<group>"; };
		456E52B523D14C5C001839E3 /* LUT_M09.png */ = {isa = PBXFileReference; lastKnownFileType = image.png; path = LUT_M09.png; sourceTree = "<group>"; };
		456E52C223D155AD001839E3 /* CollectionExtension.swift */ = {isa = PBXFileReference; lastKnownFileType = sourcecode.swift; path = CollectionExtension.swift; sourceTree = "<group>"; };
		456E52C423D155DF001839E3 /* PIXELLICENSE.rtf */ = {isa = PBXFileReference; lastKnownFileType = text.rtf; path = PIXELLICENSE.rtf; sourceTree = "<group>"; };
		459293AC232AC515008B8B86 /* StreetTagged.app */ = {isa = PBXFileReference; explicitFileType = wrapper.application; includeInIndex = 0; path = StreetTagged.app; sourceTree = BUILT_PRODUCTS_DIR; };
		459293AF232AC515008B8B86 /* AppDelegate.swift */ = {isa = PBXFileReference; lastKnownFileType = sourcecode.swift; path = AppDelegate.swift; sourceTree = "<group>"; };
		459293B1232AC515008B8B86 /* ViewController.swift */ = {isa = PBXFileReference; lastKnownFileType = sourcecode.swift; path = ViewController.swift; sourceTree = "<group>"; };
		459293B4232AC515008B8B86 /* Base */ = {isa = PBXFileReference; lastKnownFileType = file.storyboard; name = Base; path = Base.lproj/Main.storyboard; sourceTree = "<group>"; };
		459293B7232AC515008B8B86 /* StreetTagged.xcdatamodel */ = {isa = PBXFileReference; lastKnownFileType = wrapper.xcdatamodel; path = StreetTagged.xcdatamodel; sourceTree = "<group>"; };
		459293B9232AC516008B8B86 /* Assets.xcassets */ = {isa = PBXFileReference; lastKnownFileType = folder.assetcatalog; path = Assets.xcassets; sourceTree = "<group>"; };
		459293BC232AC516008B8B86 /* Base */ = {isa = PBXFileReference; lastKnownFileType = file.storyboard; name = Base; path = Base.lproj/LaunchScreen.storyboard; sourceTree = "<group>"; };
		459293BE232AC516008B8B86 /* Info.plist */ = {isa = PBXFileReference; lastKnownFileType = text.plist.xml; path = Info.plist; sourceTree = "<group>"; };
		459293C3232AC516008B8B86 /* StreetTaggedTests.xctest */ = {isa = PBXFileReference; explicitFileType = wrapper.cfbundle; includeInIndex = 0; path = StreetTaggedTests.xctest; sourceTree = BUILT_PRODUCTS_DIR; };
		459293C7232AC516008B8B86 /* StreetTaggedTests.swift */ = {isa = PBXFileReference; lastKnownFileType = sourcecode.swift; path = StreetTaggedTests.swift; sourceTree = "<group>"; };
		459293C9232AC516008B8B86 /* Info.plist */ = {isa = PBXFileReference; lastKnownFileType = text.plist.xml; path = Info.plist; sourceTree = "<group>"; };
		459293CE232AC516008B8B86 /* StreetTaggedUITests.xctest */ = {isa = PBXFileReference; explicitFileType = wrapper.cfbundle; includeInIndex = 0; path = StreetTaggedUITests.xctest; sourceTree = BUILT_PRODUCTS_DIR; };
		459293D2232AC516008B8B86 /* StreetTaggedUITests.swift */ = {isa = PBXFileReference; lastKnownFileType = sourcecode.swift; path = StreetTaggedUITests.swift; sourceTree = "<group>"; };
		459293D4232AC516008B8B86 /* Info.plist */ = {isa = PBXFileReference; lastKnownFileType = text.plist.xml; path = Info.plist; sourceTree = "<group>"; };
		459293E5232C1838008B8B86 /* BasicNavigationController.swift */ = {isa = PBXFileReference; lastKnownFileType = sourcecode.swift; path = BasicNavigationController.swift; sourceTree = "<group>"; };
		459293F7232C19FB008B8B86 /* TabbarLayOut.swift */ = {isa = PBXFileReference; lastKnownFileType = sourcecode.swift; path = TabbarLayOut.swift; sourceTree = "<group>"; };
		45929401232C1DFC008B8B86 /* Lottie.framework */ = {isa = PBXFileReference; lastKnownFileType = wrapper.framework; name = Lottie.framework; path = ../ESTabBarController/ESTabBarControllerExample/ESTabBarControllerExample/Lottie/Lottie.framework; sourceTree = "<group>"; };
		45A5719F23D2A10800D4A218 /* LoadingView.swift */ = {isa = PBXFileReference; lastKnownFileType = sourcecode.swift; path = LoadingView.swift; sourceTree = "<group>"; };
		45E0B3C123383DFE0061C98C /* Globals.swift */ = {isa = PBXFileReference; lastKnownFileType = sourcecode.swift; path = Globals.swift; sourceTree = "<group>"; };
		45E0B3C423383E720061C98C /* UserManagement.swift */ = {isa = PBXFileReference; lastKnownFileType = sourcecode.swift; path = UserManagement.swift; sourceTree = "<group>"; };
		45FB709B233AEA55008C4477 /* ImageManagement.swift */ = {isa = PBXFileReference; lastKnownFileType = sourcecode.swift; path = ImageManagement.swift; sourceTree = "<group>"; };
		45FB709D233BD0F3008C4477 /* UploadArtController.swift */ = {isa = PBXFileReference; lastKnownFileType = sourcecode.swift; path = UploadArtController.swift; sourceTree = "<group>"; };
		5F16037D2CA8375757C539D6 /* Pods-StreetTaggedTests.debug.xcconfig */ = {isa = PBXFileReference; includeInIndex = 1; lastKnownFileType = text.xcconfig; name = "Pods-StreetTaggedTests.debug.xcconfig"; path = "Target Support Files/Pods-StreetTaggedTests/Pods-StreetTaggedTests.debug.xcconfig"; sourceTree = "<group>"; };
		6623B001B515D829FFB0E462 /* Pods-StreetTagged.debug.xcconfig */ = {isa = PBXFileReference; includeInIndex = 1; lastKnownFileType = text.xcconfig; name = "Pods-StreetTagged.debug.xcconfig"; path = "Target Support Files/Pods-StreetTagged/Pods-StreetTagged.debug.xcconfig"; sourceTree = "<group>"; };
		671C029D5F821E0A14A649F3 /* Pods_StreetTagged.framework */ = {isa = PBXFileReference; explicitFileType = wrapper.framework; includeInIndex = 0; path = Pods_StreetTagged.framework; sourceTree = BUILT_PRODUCTS_DIR; };
		7E68A09E61126E717A7A3591 /* Pods_StreetTaggedUITests.framework */ = {isa = PBXFileReference; explicitFileType = wrapper.framework; includeInIndex = 0; path = Pods_StreetTaggedUITests.framework; sourceTree = BUILT_PRODUCTS_DIR; };
		84339197916B52561DE3F6BB /* Pods-StreetTagged.release.xcconfig */ = {isa = PBXFileReference; includeInIndex = 1; lastKnownFileType = text.xcconfig; name = "Pods-StreetTagged.release.xcconfig"; path = "Target Support Files/Pods-StreetTagged/Pods-StreetTagged.release.xcconfig"; sourceTree = "<group>"; };
		D8F91922923BA51E6C95F62E /* Pods_StreetTaggedTests.framework */ = {isa = PBXFileReference; explicitFileType = wrapper.framework; includeInIndex = 0; path = Pods_StreetTaggedTests.framework; sourceTree = BUILT_PRODUCTS_DIR; };
		E5008E8BF7380521EE90B9EB /* Pods-StreetTaggedTests.release.xcconfig */ = {isa = PBXFileReference; includeInIndex = 1; lastKnownFileType = text.xcconfig; name = "Pods-StreetTaggedTests.release.xcconfig"; path = "Target Support Files/Pods-StreetTaggedTests/Pods-StreetTaggedTests.release.xcconfig"; sourceTree = "<group>"; };
		EB759B62474DAFDADCCA34CC /* Pods-StreetTaggedUITests.debug.xcconfig */ = {isa = PBXFileReference; includeInIndex = 1; lastKnownFileType = text.xcconfig; name = "Pods-StreetTaggedUITests.debug.xcconfig"; path = "Target Support Files/Pods-StreetTaggedUITests/Pods-StreetTaggedUITests.debug.xcconfig"; sourceTree = "<group>"; };
		F6A9AC00234F3B7F00E01006 /* CustomAnnotation.swift */ = {isa = PBXFileReference; lastKnownFileType = sourcecode.swift; path = CustomAnnotation.swift; sourceTree = "<group>"; };
		F6A9AC02234F3D2400E01006 /* CustomCalloutView.swift */ = {isa = PBXFileReference; lastKnownFileType = sourcecode.swift; path = CustomCalloutView.swift; sourceTree = "<group>"; };
		F6B4111723D302E200E5FD70 /* StreamViewController.swift */ = {isa = PBXFileReference; lastKnownFileType = sourcecode.swift; path = StreamViewController.swift; sourceTree = "<group>"; };
		FE51AFDFD354FE34009B013B /* Pods-StreetTaggedUITests.release.xcconfig */ = {isa = PBXFileReference; includeInIndex = 1; lastKnownFileType = text.xcconfig; name = "Pods-StreetTaggedUITests.release.xcconfig"; path = "Target Support Files/Pods-StreetTaggedUITests/Pods-StreetTaggedUITests.release.xcconfig"; sourceTree = "<group>"; };
/* End PBXFileReference section */

/* Begin PBXFrameworksBuildPhase section */
		459293A9232AC515008B8B86 /* Frameworks */ = {
			isa = PBXFrameworksBuildPhase;
			buildActionMask = 2147483647;
			files = (
				57761FFF1ECA05EFDEFC46FD /* Pods_StreetTagged.framework in Frameworks */,
			);
			runOnlyForDeploymentPostprocessing = 0;
		};
		459293C0232AC516008B8B86 /* Frameworks */ = {
			isa = PBXFrameworksBuildPhase;
			buildActionMask = 2147483647;
			files = (
				8DEF7A96E7ED25198CBBFB5E /* Pods_StreetTaggedTests.framework in Frameworks */,
			);
			runOnlyForDeploymentPostprocessing = 0;
		};
		459293CB232AC516008B8B86 /* Frameworks */ = {
			isa = PBXFrameworksBuildPhase;
			buildActionMask = 2147483647;
			files = (
				B0A182B2264DABB37B41B80C /* Pods_StreetTaggedUITests.framework in Frameworks */,
			);
			runOnlyForDeploymentPostprocessing = 0;
		};
/* End PBXFrameworksBuildPhase section */

/* Begin PBXGroup section */
		451F7E13232ED37300DFEBFA /* DataModel */ = {
			isa = PBXGroup;
			children = (
				451F7E26232ED8D000DFEBFA /* Models */,
				451F7E11232ED20A00DFEBFA /* StoreManager.swift */,
			);
			path = DataModel;
			sourceTree = "<group>";
		};
		451F7E1A232ED41900DFEBFA /* Helpers */ = {
			isa = PBXGroup;
			children = (
				451F7E1B232ED46100DFEBFA /* HelpFunctions.swift */,
				45016B5F23D529F900694AF7 /* String.swift */,
			);
			path = Helpers;
			sourceTree = "<group>";
		};
		451F7E1D232ED4E700DFEBFA /* Controllers */ = {
			isa = PBXGroup;
			children = (
				451F7DD6232C3EEC00DFEBFA /* FeedController.swift */,
				451F7DD8232C404400DFEBFA /* FavorController.swift */,
				451F7DDA232C428500DFEBFA /* ProfileController.swift */,
				451F7DD4232C3D9C00DFEBFA /* NearByController.swift */,
				459293B1232AC515008B8B86 /* ViewController.swift */,
				455FDD102335C81C0075509A /* ReviewArtWork.swift */,
				45FB709D233BD0F3008C4477 /* UploadArtController.swift */,
				F6B4111723D302E200E5FD70 /* StreamViewController.swift */,
			);
			path = Controllers;
			sourceTree = "<group>";
		};
		451F7E1E232ED4F800DFEBFA /* Layout */ = {
			isa = PBXGroup;
			children = (
				459293E5232C1838008B8B86 /* BasicNavigationController.swift */,
				459293F7232C19FB008B8B86 /* TabbarLayOut.swift */,
				451F7E1F232ED5DD00DFEBFA /* BasicContentView.swift */,
				451F7E21232ED5FC00DFEBFA /* BouncesContentView.swift */,
				451F7E23232ED65B00DFEBFA /* TabBasicContentView.swift */,
				F6A9AC02234F3D2400E01006 /* CustomCalloutView.swift */,
			);
			path = Layout;
			sourceTree = "<group>";
		};
		451F7E25232ED8B000DFEBFA /* Components */ = {
			isa = PBXGroup;
			children = (
				4545CC1223D0400C00C66713 /* CustomCell.xib */,
				451F7E27232ED9A700DFEBFA /* Cells */,
				F6A9AC00234F3B7F00E01006 /* CustomAnnotation.swift */,
				4545CC0823D016FF00C66713 /* LocationRow.swift */,
				4545CC0A23D02B3D00C66713 /* ImageRow.swift */,
			);
			path = Components;
			sourceTree = "<group>";
		};
		451F7E26232ED8D000DFEBFA /* Models */ = {
			isa = PBXGroup;
			children = (
				451F7E16232ED3B200DFEBFA /* Comment.swift */,
				451F7E14232ED39100DFEBFA /* Post.swift */,
				451F7E18232ED3D900DFEBFA /* User.swift */,
			);
			path = Models;
			sourceTree = "<group>";
		};
		451F7E27232ED9A700DFEBFA /* Cells */ = {
			isa = PBXGroup;
			children = (
				451F7E28232EE62900DFEBFA /* PostCell.swift */,
				451F7E2A232EE72500DFEBFA /* PhotoCell.swift */,
				451F7E2C232EE8E600DFEBFA /* BaseCollectionViewCell.swift */,
				451F7E2E232EE92900DFEBFA /* BaseTableViewCell.swift */,
			);
			path = Cells;
			sourceTree = "<group>";
		};
		454FFFE92339A26F0090ABCE /* TestImages */ = {
			isa = PBXGroup;
			children = (
			);
			path = TestImages;
			sourceTree = "<group>";
		};
		456E516C23D13ED0001839E3 /* ImageEditor */ = {
			isa = PBXGroup;
			children = (
				456E52AB23D14C5C001839E3 /* Filters */,
				456E525D23D1412D001839E3 /* PixelEngine */,
				456E520E23D140D4001839E3 /* PixelEditor */,
				456E52C223D155AD001839E3 /* CollectionExtension.swift */,
				456E52C423D155DF001839E3 /* PIXELLICENSE.rtf */,
			);
			path = ImageEditor;
			sourceTree = "<group>";
		};
		456E520E23D140D4001839E3 /* PixelEditor */ = {
			isa = PBXGroup;
			children = (
				456E520F23D140D4001839E3 /* PixelEditor.swift */,
				456E521023D140D4001839E3 /* Options.swift */,
				456E521123D140D4001839E3 /* L10n.swift */,
				456E521223D140D4001839E3 /* Media.xcassets */,
				456E521323D140D4001839E3 /* PixelEditor.h */,
				456E521423D140D4001839E3 /* Utils */,
				456E521623D140D4001839E3 /* Components */,
				456E523323D140D4001839E3 /* Style.swift */,
				456E523423D140D4001839E3 /* PixelEditViewController.swift */,
				456E523523D140D4001839E3 /* ImageViews */,
			);
			path = PixelEditor;
			sourceTree = "<group>";
		};
		456E521423D140D4001839E3 /* Utils */ = {
			isa = PBXGroup;
			children = (
				456E521523D140D4001839E3 /* EditorLog.swift */,
			);
			path = Utils;
			sourceTree = "<group>";
		};
		456E521623D140D4001839E3 /* Components */ = {
			isa = PBXGroup;
			children = (
				456E521723D140D4001839E3 /* DryDrawingView.swift */,
				456E521823D140D4001839E3 /* Controls */,
				456E523023D140D4001839E3 /* ZoomImageView.swift */,
				456E523123D140D4001839E3 /* ImageScrollView.swift */,
				456E523223D140D4001839E3 /* StepSlider.swift */,
			);
			path = Components;
			sourceTree = "<group>";
		};
		456E521823D140D4001839E3 /* Controls */ = {
			isa = PBXGroup;
			children = (
				456E521923D140D4001839E3 /* EditMenuControlView.swift */,
				456E521A23D140D4001839E3 /* ColorCubeControlView.swift */,
				456E521B23D140D4001839E3 /* FilterControl */,
				456E522923D140D4001839E3 /* DoodleControlView.swift */,
				456E522A23D140D4001839E3 /* NavigationView.swift */,
				456E522B23D140D4001839E3 /* AdjustmentControlView.swift */,
				456E522C23D140D4001839E3 /* ControlStackView.swift */,
				456E522D23D140D4001839E3 /* RootControlView.swift */,
				456E522E23D140D4001839E3 /* MaskControlView.swift */,
				456E522F23D140D4001839E3 /* ControlViewBase.swift */,
			);
			path = Controls;
			sourceTree = "<group>";
		};
		456E521B23D140D4001839E3 /* FilterControl */ = {
			isa = PBXGroup;
			children = (
				456E521C23D140D4001839E3 /* ExposureControl.swift */,
				456E521D23D140D4001839E3 /* SharpenControl.swift */,
				456E521E23D140D4001839E3 /* SaturationControl.swift */,
				456E521F23D140D4001839E3 /* TempCode.swift */,
				456E522023D140D4001839E3 /* FilterControlBase.swift */,
				456E522123D140D4001839E3 /* HighlightsControl.swift */,
				456E522223D140D4001839E3 /* ClarityControl.swift */,
				456E522323D140D4001839E3 /* VignetteControl.swift */,
				456E522423D140D4001839E3 /* GaussianBlurControl.swift */,
				456E522523D140D4001839E3 /* TemperatureControl.swift */,
				456E522623D140D4001839E3 /* ContrastControl.swift */,
				456E522723D140D4001839E3 /* ShadowsControl.swift */,
				456E522823D140D4001839E3 /* FadeControl.swift */,
			);
			path = FilterControl;
			sourceTree = "<group>";
		};
		456E523523D140D4001839E3 /* ImageViews */ = {
			isa = PBXGroup;
			children = (
				456E523623D140D4001839E3 /* ImagePreviewView.swift */,
				456E523723D140D4001839E3 /* BlurredMosaicView.swift */,
				456E523823D140D4001839E3 /* CropAndStraightenView.swift */,
			);
			path = ImageViews;
			sourceTree = "<group>";
		};
		456E525D23D1412D001839E3 /* PixelEngine */ = {
			isa = PBXGroup;
			children = (
				456E525E23D1412D001839E3 /* ColorCube.swift */,
				456E525F23D1412D001839E3 /* Geometry.swift */,
				456E526023D1412D001839E3 /* ImageView */,
				456E526423D1412D001839E3 /* GraphicDrawing.swift */,
				456E526523D1412D001839E3 /* PixelEngine.h */,
				456E526623D1412D001839E3 /* EngineLog.swift */,
				456E526723D1412D001839E3 /* ColorCubeStorage.swift */,
				456E526823D1412D001839E3 /* ImageSource.swift */,
				456E526923D1412D001839E3 /* Filtering.swift */,
				456E526A23D1412D001839E3 /* DrawnPathInRect.swift */,
				456E526B23D1412D001839E3 /* BlurredMask.swift */,
				456E526C23D1412D001839E3 /* EditingStack.swift */,
				456E526D23D1412D001839E3 /* OvalBrush.swift */,
				456E526E23D1412D001839E3 /* InternalUtils.swift */,
				456E526F23D1412D001839E3 /* ParameterRange.swift */,
				456E527023D1412D001839E3 /* Filter */,
				456E527F23D1412D001839E3 /* DrawnPath.swift */,
				456E528023D1412D001839E3 /* Resource */,
				456E528223D1412D001839E3 /* Engine */,
				456E528623D1412D001839E3 /* PixelEngine.swift */,
			);
			path = PixelEngine;
			sourceTree = "<group>";
		};
		456E526023D1412D001839E3 /* ImageView */ = {
			isa = PBXGroup;
			children = (
				456E526123D1412D001839E3 /* MetalImageView.swift */,
				456E526223D1412D001839E3 /* HardwareImageView.swift */,
				456E526323D1412D001839E3 /* GLImageView.swift */,
			);
			path = ImageView;
			sourceTree = "<group>";
		};
		456E527023D1412D001839E3 /* Filter */ = {
			isa = PBXGroup;
			children = (
				456E527123D1412D001839E3 /* FilterVignette.swift */,
				456E527223D1412D001839E3 /* FilterHighlightShadowTint.swift */,
				456E527323D1412D001839E3 /* FilterColorCube.swift */,
				456E527423D1412D001839E3 /* FilterShadows.swift */,
				456E527523D1412D001839E3 /* FilterSaturation.swift */,
				456E527623D1412D001839E3 /* FilterTemperature.swift */,
				456E527723D1412D001839E3 /* FilterBrightness.swift */,
				456E527823D1412D001839E3 /* FilterExposure.swift */,
				456E527923D1412D001839E3 /* FilterSharpen.swift */,
				456E527A23D1412D001839E3 /* FilterHighlights.swift */,
				456E527B23D1412D001839E3 /* FilterContrast.swift */,
				456E527C23D1412D001839E3 /* FilterGaussianBlur.swift */,
				456E527D23D1412D001839E3 /* FilterFade.swift */,
				456E527E23D1412D001839E3 /* FilterUnsharpMask.swift */,
			);
			path = Filter;
			sourceTree = "<group>";
		};
		456E528023D1412D001839E3 /* Resource */ = {
			isa = PBXGroup;
			children = (
				456E528123D1412D001839E3 /* YUCIColorLookup.cikernel */,
			);
			path = Resource;
			sourceTree = "<group>";
		};
		456E528223D1412D001839E3 /* Engine */ = {
			isa = PBXGroup;
			children = (
				456E528323D1412D001839E3 /* ImageTool.swift */,
				456E528423D1412D001839E3 /* ImageRenderer.swift */,
				456E528523D1412D001839E3 /* Layer.swift */,
			);
			path = Engine;
			sourceTree = "<group>";
		};
		456E52AB23D14C5C001839E3 /* Filters */ = {
			isa = PBXGroup;
			children = (
				456E52AC23D14C5C001839E3 /* LUT_M01.png */,
				456E52AD23D14C5C001839E3 /* LUT_M02.png */,
				456E52AE23D14C5C001839E3 /* LUT_M03.png */,
				456E52AF23D14C5C001839E3 /* LUT_M07.png */,
				456E52B023D14C5C001839E3 /* LUT_M06.png */,
				456E52B123D14C5C001839E3 /* LUT_M12.png */,
				456E52B223D14C5C001839E3 /* LUT_M11.png */,
				456E52B323D14C5C001839E3 /* LUT_M05.png */,
				456E52B423D14C5C001839E3 /* LUT_M08.png */,
				456E52B523D14C5C001839E3 /* LUT_M09.png */,
			);
			path = Filters;
			sourceTree = "<group>";
		};
		459293A3232AC515008B8B86 = {
			isa = PBXGroup;
			children = (
				456C0B2423CAAA03001B7BEB /* AppConfig.xcconfig */,
				45343FD923481013001FDDED /* awsconfiguration.json */,
				456E516C23D13ED0001839E3 /* ImageEditor */,
				454FFFE92339A26F0090ABCE /* TestImages */,
				45A5719E23D2A0EB00D4A218 /* Components */,
				459293AE232AC515008B8B86 /* StreetTagged */,
				459293C6232AC516008B8B86 /* StreetTaggedTests */,
				459293D1232AC516008B8B86 /* StreetTaggedUITests */,
				459293AD232AC515008B8B86 /* Products */,
				B798725FCD179C067090CD23 /* Frameworks */,
				B5913520E70F0695D343D473 /* Pods */,
			);
			sourceTree = "<group>";
		};
		459293AD232AC515008B8B86 /* Products */ = {
			isa = PBXGroup;
			children = (
				459293AC232AC515008B8B86 /* StreetTagged.app */,
				459293C3232AC516008B8B86 /* StreetTaggedTests.xctest */,
				459293CE232AC516008B8B86 /* StreetTaggedUITests.xctest */,
			);
			name = Products;
			sourceTree = "<group>";
		};
		459293AE232AC515008B8B86 /* StreetTagged */ = {
			isa = PBXGroup;
			children = (
				459293AF232AC515008B8B86 /* AppDelegate.swift */,
				45E0B3C123383DFE0061C98C /* Globals.swift */,
				45E0B3C323383E4B0061C98C /* AWS */,
				451F7E1A232ED41900DFEBFA /* Helpers */,
				451F7E13232ED37300DFEBFA /* DataModel */,
				459293E2232C157B008B8B86 /* ViewControllers */,
				451F7E25232ED8B000DFEBFA /* Components */,
				459293B3232AC515008B8B86 /* Main.storyboard */,
				459293B9232AC516008B8B86 /* Assets.xcassets */,
				459293BB232AC516008B8B86 /* LaunchScreen.storyboard */,
				459293BE232AC516008B8B86 /* Info.plist */,
				459293B6232AC515008B8B86 /* StreetTagged.xcdatamodeld */,
			);
			path = StreetTagged;
			sourceTree = "<group>";
		};
		459293C6232AC516008B8B86 /* StreetTaggedTests */ = {
			isa = PBXGroup;
			children = (
				459293C7232AC516008B8B86 /* StreetTaggedTests.swift */,
				459293C9232AC516008B8B86 /* Info.plist */,
			);
			path = StreetTaggedTests;
			sourceTree = "<group>";
		};
		459293D1232AC516008B8B86 /* StreetTaggedUITests */ = {
			isa = PBXGroup;
			children = (
				459293D2232AC516008B8B86 /* StreetTaggedUITests.swift */,
				459293D4232AC516008B8B86 /* Info.plist */,
			);
			path = StreetTaggedUITests;
			sourceTree = "<group>";
		};
		459293E2232C157B008B8B86 /* ViewControllers */ = {
			isa = PBXGroup;
			children = (
				451F7E1E232ED4F800DFEBFA /* Layout */,
				451F7E1D232ED4E700DFEBFA /* Controllers */,
			);
			path = ViewControllers;
			sourceTree = "<group>";
		};
		45A5719E23D2A0EB00D4A218 /* Components */ = {
			isa = PBXGroup;
			children = (
				45A5719F23D2A10800D4A218 /* LoadingView.swift */,
			);
			path = Components;
			sourceTree = "<group>";
		};
		45E0B3C323383E4B0061C98C /* AWS */ = {
			isa = PBXGroup;
			children = (
				45E0B3C423383E720061C98C /* UserManagement.swift */,
				45FB709B233AEA55008C4477 /* ImageManagement.swift */,
			);
			path = AWS;
			sourceTree = "<group>";
		};
		B5913520E70F0695D343D473 /* Pods */ = {
			isa = PBXGroup;
			children = (
				6623B001B515D829FFB0E462 /* Pods-StreetTagged.debug.xcconfig */,
				84339197916B52561DE3F6BB /* Pods-StreetTagged.release.xcconfig */,
				5F16037D2CA8375757C539D6 /* Pods-StreetTaggedTests.debug.xcconfig */,
				E5008E8BF7380521EE90B9EB /* Pods-StreetTaggedTests.release.xcconfig */,
				EB759B62474DAFDADCCA34CC /* Pods-StreetTaggedUITests.debug.xcconfig */,
				FE51AFDFD354FE34009B013B /* Pods-StreetTaggedUITests.release.xcconfig */,
			);
			path = Pods;
			sourceTree = "<group>";
		};
		B798725FCD179C067090CD23 /* Frameworks */ = {
			isa = PBXGroup;
			children = (
				45929401232C1DFC008B8B86 /* Lottie.framework */,
				671C029D5F821E0A14A649F3 /* Pods_StreetTagged.framework */,
				D8F91922923BA51E6C95F62E /* Pods_StreetTaggedTests.framework */,
				7E68A09E61126E717A7A3591 /* Pods_StreetTaggedUITests.framework */,
			);
			name = Frameworks;
			sourceTree = "<group>";
		};
/* End PBXGroup section */

/* Begin PBXNativeTarget section */
		459293AB232AC515008B8B86 /* StreetTagged */ = {
			isa = PBXNativeTarget;
			buildConfigurationList = 459293D7232AC516008B8B86 /* Build configuration list for PBXNativeTarget "StreetTagged" */;
			buildPhases = (
				692F94AF4447B50C0BBB2865 /* [CP] Check Pods Manifest.lock */,
				459293A8232AC515008B8B86 /* Sources */,
				459293A9232AC515008B8B86 /* Frameworks */,
				459293AA232AC515008B8B86 /* Resources */,
				F6AF7B9B2348D4A700DC6251 /* ShellScript */,
				081DB82C91F49D13E1C3430A /* [CP] Embed Pods Frameworks */,
			);
			buildRules = (
			);
			dependencies = (
			);
			name = StreetTagged;
			productName = StreetTagged;
			productReference = 459293AC232AC515008B8B86 /* StreetTagged.app */;
			productType = "com.apple.product-type.application";
		};
		459293C2232AC516008B8B86 /* StreetTaggedTests */ = {
			isa = PBXNativeTarget;
			buildConfigurationList = 459293DA232AC516008B8B86 /* Build configuration list for PBXNativeTarget "StreetTaggedTests" */;
			buildPhases = (
				F22323A6AFFAD28DACF2D1DB /* [CP] Check Pods Manifest.lock */,
				459293BF232AC516008B8B86 /* Sources */,
				459293C0232AC516008B8B86 /* Frameworks */,
				459293C1232AC516008B8B86 /* Resources */,
			);
			buildRules = (
			);
			dependencies = (
				459293C5232AC516008B8B86 /* PBXTargetDependency */,
			);
			name = StreetTaggedTests;
			productName = StreetTaggedTests;
			productReference = 459293C3232AC516008B8B86 /* StreetTaggedTests.xctest */;
			productType = "com.apple.product-type.bundle.unit-test";
		};
		459293CD232AC516008B8B86 /* StreetTaggedUITests */ = {
			isa = PBXNativeTarget;
			buildConfigurationList = 459293DD232AC516008B8B86 /* Build configuration list for PBXNativeTarget "StreetTaggedUITests" */;
			buildPhases = (
				D703820AC109C13FFD592CD7 /* [CP] Check Pods Manifest.lock */,
				459293CA232AC516008B8B86 /* Sources */,
				459293CB232AC516008B8B86 /* Frameworks */,
				459293CC232AC516008B8B86 /* Resources */,
			);
			buildRules = (
			);
			dependencies = (
				459293D0232AC516008B8B86 /* PBXTargetDependency */,
			);
			name = StreetTaggedUITests;
			productName = StreetTaggedUITests;
			productReference = 459293CE232AC516008B8B86 /* StreetTaggedUITests.xctest */;
			productType = "com.apple.product-type.bundle.ui-testing";
		};
/* End PBXNativeTarget section */

/* Begin PBXProject section */
		459293A4232AC515008B8B86 /* Project object */ = {
			isa = PBXProject;
			attributes = {
				LastSwiftUpdateCheck = 1030;
				LastUpgradeCheck = 1030;
				ORGANIZATIONNAME = "John O'Sullivan";
				TargetAttributes = {
					459293AB232AC515008B8B86 = {
						CreatedOnToolsVersion = 10.3;
					};
					459293C2232AC516008B8B86 = {
						CreatedOnToolsVersion = 10.3;
						TestTargetID = 459293AB232AC515008B8B86;
					};
					459293CD232AC516008B8B86 = {
						CreatedOnToolsVersion = 10.3;
						TestTargetID = 459293AB232AC515008B8B86;
					};
				};
			};
			buildConfigurationList = 459293A7232AC515008B8B86 /* Build configuration list for PBXProject "StreetTagged" */;
			compatibilityVersion = "Xcode 9.3";
			developmentRegion = en;
			hasScannedForEncodings = 0;
			knownRegions = (
				en,
				Base,
			);
			mainGroup = 459293A3232AC515008B8B86;
			productRefGroup = 459293AD232AC515008B8B86 /* Products */;
			projectDirPath = "";
			projectRoot = "";
			targets = (
				459293AB232AC515008B8B86 /* StreetTagged */,
				459293C2232AC516008B8B86 /* StreetTaggedTests */,
				459293CD232AC516008B8B86 /* StreetTaggedUITests */,
			);
		};
/* End PBXProject section */

/* Begin PBXResourcesBuildPhase section */
		459293AA232AC515008B8B86 /* Resources */ = {
			isa = PBXResourcesBuildPhase;
			buildActionMask = 2147483647;
			files = (
				456E52B623D14C5C001839E3 /* LUT_M01.png in Resources */,
				4545CC1323D0400C00C66713 /* CustomCell.xib in Resources */,
				456E52B823D14C5C001839E3 /* LUT_M03.png in Resources */,
				456E52BC23D14C5C001839E3 /* LUT_M11.png in Resources */,
				456E52BB23D14C5C001839E3 /* LUT_M12.png in Resources */,
				456E52BD23D14C5C001839E3 /* LUT_M05.png in Resources */,
				456E52B923D14C5C001839E3 /* LUT_M07.png in Resources */,
				456E52BE23D14C5C001839E3 /* LUT_M08.png in Resources */,
				456E52B723D14C5C001839E3 /* LUT_M02.png in Resources */,
				456E52BA23D14C5C001839E3 /* LUT_M06.png in Resources */,
				45343FDA23481013001FDDED /* awsconfiguration.json in Resources */,
				456E52C523D155DF001839E3 /* PIXELLICENSE.rtf in Resources */,
				459293BD232AC516008B8B86 /* LaunchScreen.storyboard in Resources */,
				456E52A623D1412E001839E3 /* YUCIColorLookup.cikernel in Resources */,
				459293BA232AC516008B8B86 /* Assets.xcassets in Resources */,
				456E523C23D140D4001839E3 /* Media.xcassets in Resources */,
				456E52BF23D14C5C001839E3 /* LUT_M09.png in Resources */,
				459293B5232AC515008B8B86 /* Main.storyboard in Resources */,
			);
			runOnlyForDeploymentPostprocessing = 0;
		};
		459293C1232AC516008B8B86 /* Resources */ = {
			isa = PBXResourcesBuildPhase;
			buildActionMask = 2147483647;
			files = (
			);
			runOnlyForDeploymentPostprocessing = 0;
		};
		459293CC232AC516008B8B86 /* Resources */ = {
			isa = PBXResourcesBuildPhase;
			buildActionMask = 2147483647;
			files = (
			);
			runOnlyForDeploymentPostprocessing = 0;
		};
/* End PBXResourcesBuildPhase section */

/* Begin PBXShellScriptBuildPhase section */
		081DB82C91F49D13E1C3430A /* [CP] Embed Pods Frameworks */ = {
			isa = PBXShellScriptBuildPhase;
			buildActionMask = 2147483647;
			files = (
			);
			inputFileListPaths = (
				"${PODS_ROOT}/Target Support Files/Pods-StreetTagged/Pods-StreetTagged-frameworks-${CONFIGURATION}-input-files.xcfilelist",
			);
			name = "[CP] Embed Pods Frameworks";
			outputFileListPaths = (
				"${PODS_ROOT}/Target Support Files/Pods-StreetTagged/Pods-StreetTagged-frameworks-${CONFIGURATION}-output-files.xcfilelist",
			);
			runOnlyForDeploymentPostprocessing = 0;
			shellPath = /bin/sh;
			shellScript = "\"${PODS_ROOT}/Target Support Files/Pods-StreetTagged/Pods-StreetTagged-frameworks.sh\"\n";
			showEnvVarsInLog = 0;
		};
		692F94AF4447B50C0BBB2865 /* [CP] Check Pods Manifest.lock */ = {
			isa = PBXShellScriptBuildPhase;
			buildActionMask = 2147483647;
			files = (
			);
			inputFileListPaths = (
			);
			inputPaths = (
				"${PODS_PODFILE_DIR_PATH}/Podfile.lock",
				"${PODS_ROOT}/Manifest.lock",
			);
			name = "[CP] Check Pods Manifest.lock";
			outputFileListPaths = (
			);
			outputPaths = (
				"$(DERIVED_FILE_DIR)/Pods-StreetTagged-checkManifestLockResult.txt",
			);
			runOnlyForDeploymentPostprocessing = 0;
			shellPath = /bin/sh;
			shellScript = "diff \"${PODS_PODFILE_DIR_PATH}/Podfile.lock\" \"${PODS_ROOT}/Manifest.lock\" > /dev/null\nif [ $? != 0 ] ; then\n    # print error to STDERR\n    echo \"error: The sandbox is not in sync with the Podfile.lock. Run 'pod install' or update your CocoaPods installation.\" >&2\n    exit 1\nfi\n# This output is used by Xcode 'outputs' to avoid re-running this script phase.\necho \"SUCCESS\" > \"${SCRIPT_OUTPUT_FILE_0}\"\n";
			showEnvVarsInLog = 0;
		};
		D703820AC109C13FFD592CD7 /* [CP] Check Pods Manifest.lock */ = {
			isa = PBXShellScriptBuildPhase;
			buildActionMask = 2147483647;
			files = (
			);
			inputFileListPaths = (
			);
			inputPaths = (
				"${PODS_PODFILE_DIR_PATH}/Podfile.lock",
				"${PODS_ROOT}/Manifest.lock",
			);
			name = "[CP] Check Pods Manifest.lock";
			outputFileListPaths = (
			);
			outputPaths = (
				"$(DERIVED_FILE_DIR)/Pods-StreetTaggedUITests-checkManifestLockResult.txt",
			);
			runOnlyForDeploymentPostprocessing = 0;
			shellPath = /bin/sh;
			shellScript = "diff \"${PODS_PODFILE_DIR_PATH}/Podfile.lock\" \"${PODS_ROOT}/Manifest.lock\" > /dev/null\nif [ $? != 0 ] ; then\n    # print error to STDERR\n    echo \"error: The sandbox is not in sync with the Podfile.lock. Run 'pod install' or update your CocoaPods installation.\" >&2\n    exit 1\nfi\n# This output is used by Xcode 'outputs' to avoid re-running this script phase.\necho \"SUCCESS\" > \"${SCRIPT_OUTPUT_FILE_0}\"\n";
			showEnvVarsInLog = 0;
		};
		F22323A6AFFAD28DACF2D1DB /* [CP] Check Pods Manifest.lock */ = {
			isa = PBXShellScriptBuildPhase;
			buildActionMask = 2147483647;
			files = (
			);
			inputFileListPaths = (
			);
			inputPaths = (
				"${PODS_PODFILE_DIR_PATH}/Podfile.lock",
				"${PODS_ROOT}/Manifest.lock",
			);
			name = "[CP] Check Pods Manifest.lock";
			outputFileListPaths = (
			);
			outputPaths = (
				"$(DERIVED_FILE_DIR)/Pods-StreetTaggedTests-checkManifestLockResult.txt",
			);
			runOnlyForDeploymentPostprocessing = 0;
			shellPath = /bin/sh;
			shellScript = "diff \"${PODS_PODFILE_DIR_PATH}/Podfile.lock\" \"${PODS_ROOT}/Manifest.lock\" > /dev/null\nif [ $? != 0 ] ; then\n    # print error to STDERR\n    echo \"error: The sandbox is not in sync with the Podfile.lock. Run 'pod install' or update your CocoaPods installation.\" >&2\n    exit 1\nfi\n# This output is used by Xcode 'outputs' to avoid re-running this script phase.\necho \"SUCCESS\" > \"${SCRIPT_OUTPUT_FILE_0}\"\n";
			showEnvVarsInLog = 0;
		};
		F6AF7B9B2348D4A700DC6251 /* ShellScript */ = {
			isa = PBXShellScriptBuildPhase;
			buildActionMask = 2147483647;
			files = (
			);
			inputFileListPaths = (
			);
			inputPaths = (
				"$(TARGET_BUILD_DIR)/$(INFOPLIST_PATH)",
				"~/.mapbox",
			);
			outputFileListPaths = (
			);
			outputPaths = (
			);
			runOnlyForDeploymentPostprocessing = 0;
			shellPath = /bin/sh;
			shellScript = "# Look for a global file named 'mapbox' or '.mapbox' within the home directory\ntoken_file=~/.mapbox\ntoken_file2=~/mapbox\ntoken=\"$(cat $token_file 2>/dev/null || cat $token_file2 2>/dev/null)\"\nif [ \"$token\" ]; then\n  plutil -replace MGLMapboxAccessToken -string $token \"$TARGET_BUILD_DIR/$INFOPLIST_PATH\"\nelse\n  echo 'warning: Missing Mapbox access token'\n  open 'https://www.mapbox.com/account/access-tokens/'\n  echo \"warning: Get an access token from <https://www.mapbox.com/account/access-tokens/>, then create a new file at $token_file or $token_file2 that contains the access token.\"\nfi\n";
		};
/* End PBXShellScriptBuildPhase section */

/* Begin PBXSourcesBuildPhase section */
		459293A8232AC515008B8B86 /* Sources */ = {
			isa = PBXSourcesBuildPhase;
			buildActionMask = 2147483647;
			files = (
				451F7E1C232ED46100DFEBFA /* HelpFunctions.swift in Sources */,
				456E529C23D1412E001839E3 /* FilterTemperature.swift in Sources */,
				456E524623D140D4001839E3 /* HighlightsControl.swift in Sources */,
				456E528D23D1412D001839E3 /* EngineLog.swift in Sources */,
				451F7DD9232C404400DFEBFA /* FavorController.swift in Sources */,
				451F7E20232ED5DD00DFEBFA /* BasicContentView.swift in Sources */,
				456E525623D140D4001839E3 /* ImageScrollView.swift in Sources */,
				456E523D23D140D4001839E3 /* EditorLog.swift in Sources */,
				456E529623D1412D001839E3 /* ParameterRange.swift in Sources */,
				456E525423D140D4001839E3 /* ControlViewBase.swift in Sources */,
				456E528A23D1412D001839E3 /* HardwareImageView.swift in Sources */,
				456E524823D140D4001839E3 /* VignetteControl.swift in Sources */,
				456E523923D140D4001839E3 /* PixelEditor.swift in Sources */,
				456E529423D1412D001839E3 /* OvalBrush.swift in Sources */,
				456E529523D1412D001839E3 /* InternalUtils.swift in Sources */,
				456E524323D140D4001839E3 /* SaturationControl.swift in Sources */,
				456E529D23D1412E001839E3 /* FilterBrightness.swift in Sources */,
				456E523E23D140D4001839E3 /* DryDrawingView.swift in Sources */,
				456E524A23D140D4001839E3 /* TemperatureControl.swift in Sources */,
				456E52A123D1412E001839E3 /* FilterContrast.swift in Sources */,
				456E528923D1412D001839E3 /* MetalImageView.swift in Sources */,
				456E524123D140D4001839E3 /* ExposureControl.swift in Sources */,
				451F7E2D232EE8E600DFEBFA /* BaseCollectionViewCell.swift in Sources */,
				451F7E15232ED39100DFEBFA /* Post.swift in Sources */,
				451F7E22232ED5FC00DFEBFA /* BouncesContentView.swift in Sources */,
				459293B2232AC515008B8B86 /* ViewController.swift in Sources */,
				456E524B23D140D4001839E3 /* ContrastControl.swift in Sources */,
				456E525323D140D4001839E3 /* MaskControlView.swift in Sources */,
				451F7E19232ED3D900DFEBFA /* User.swift in Sources */,
				455FDD112335C81C0075509A /* ReviewArtWork.swift in Sources */,
				459293B8232AC515008B8B86 /* StreetTagged.xcdatamodeld in Sources */,
				451F7DD7232C3EEC00DFEBFA /* FeedController.swift in Sources */,
				451F7E2B232EE72500DFEBFA /* PhotoCell.swift in Sources */,
				F6A9AC03234F3D2400E01006 /* CustomCalloutView.swift in Sources */,
				456E525923D140D4001839E3 /* PixelEditViewController.swift in Sources */,
				456E528723D1412D001839E3 /* ColorCube.swift in Sources */,
				456E524F23D140D4001839E3 /* NavigationView.swift in Sources */,
				459293F8232C19FB008B8B86 /* TabbarLayOut.swift in Sources */,
				456E529E23D1412E001839E3 /* FilterExposure.swift in Sources */,
				456E525A23D140D4001839E3 /* ImagePreviewView.swift in Sources */,
				45016B6023D529F900694AF7 /* String.swift in Sources */,
				459293E6232C1838008B8B86 /* BasicNavigationController.swift in Sources */,
				456E528F23D1412D001839E3 /* ImageSource.swift in Sources */,
				456E524E23D140D4001839E3 /* DoodleControlView.swift in Sources */,
				456E524423D140D4001839E3 /* TempCode.swift in Sources */,
				459293B0232AC515008B8B86 /* AppDelegate.swift in Sources */,
				4545CC0923D016FF00C66713 /* LocationRow.swift in Sources */,
				456E524723D140D4001839E3 /* ClarityControl.swift in Sources */,
				456E524023D140D4001839E3 /* ColorCubeControlView.swift in Sources */,
				456E52A823D1412E001839E3 /* ImageRenderer.swift in Sources */,
				451F7DD5232C3D9C00DFEBFA /* NearByController.swift in Sources */,
				456E52A723D1412E001839E3 /* ImageTool.swift in Sources */,
				451F7E2F232EE92900DFEBFA /* BaseTableViewCell.swift in Sources */,
				456E525023D140D4001839E3 /* AdjustmentControlView.swift in Sources */,
				456E52A523D1412E001839E3 /* DrawnPath.swift in Sources */,
				456E529723D1412D001839E3 /* FilterVignette.swift in Sources */,
				456E529923D1412E001839E3 /* FilterColorCube.swift in Sources */,
				456E52AA23D1412E001839E3 /* PixelEngine.swift in Sources */,
				456E525823D140D4001839E3 /* Style.swift in Sources */,
				456E529A23D1412E001839E3 /* FilterShadows.swift in Sources */,
				456E523B23D140D4001839E3 /* L10n.swift in Sources */,
				456E52A023D1412E001839E3 /* FilterHighlights.swift in Sources */,
				456E525223D140D4001839E3 /* RootControlView.swift in Sources */,
				456E523A23D140D4001839E3 /* Options.swift in Sources */,
				456E528E23D1412D001839E3 /* ColorCubeStorage.swift in Sources */,
				456E529823D1412E001839E3 /* FilterHighlightShadowTint.swift in Sources */,
				456E529F23D1412E001839E3 /* FilterSharpen.swift in Sources */,
				456E525523D140D4001839E3 /* ZoomImageView.swift in Sources */,
				456E528823D1412D001839E3 /* Geometry.swift in Sources */,
				456E524523D140D4001839E3 /* FilterControlBase.swift in Sources */,
				456E525723D140D4001839E3 /* StepSlider.swift in Sources */,
				456E52A923D1412E001839E3 /* Layer.swift in Sources */,
				456E524223D140D4001839E3 /* SharpenControl.swift in Sources */,
				45E0B3C223383DFE0061C98C /* Globals.swift in Sources */,
				4545CC0B23D02B3D00C66713 /* ImageRow.swift in Sources */,
				451F7E12232ED20A00DFEBFA /* StoreManager.swift in Sources */,
				45E0B3C523383E720061C98C /* UserManagement.swift in Sources */,
				456E52A223D1412E001839E3 /* FilterGaussianBlur.swift in Sources */,
				456E529B23D1412E001839E3 /* FilterSaturation.swift in Sources */,
				456E528C23D1412D001839E3 /* GraphicDrawing.swift in Sources */,
				456E525C23D140D4001839E3 /* CropAndStraightenView.swift in Sources */,
				451F7DDB232C428500DFEBFA /* ProfileController.swift in Sources */,
				45FB709C233AEA55008C4477 /* ImageManagement.swift in Sources */,
				456E52C323D155AD001839E3 /* CollectionExtension.swift in Sources */,
				456E52A323D1412E001839E3 /* FilterFade.swift in Sources */,
				45FB709E233BD0F3008C4477 /* UploadArtController.swift in Sources */,
				456E525123D140D4001839E3 /* ControlStackView.swift in Sources */,
				456E523F23D140D4001839E3 /* EditMenuControlView.swift in Sources */,
				456E529323D1412D001839E3 /* EditingStack.swift in Sources */,
				456E524D23D140D4001839E3 /* FadeControl.swift in Sources */,
				45A571A023D2A10800D4A218 /* LoadingView.swift in Sources */,
				456E525B23D140D4001839E3 /* BlurredMosaicView.swift in Sources */,
				F6B4111823D302E200E5FD70 /* StreamViewController.swift in Sources */,
				451F7E24232ED65B00DFEBFA /* TabBasicContentView.swift in Sources */,
				451F7E17232ED3B200DFEBFA /* Comment.swift in Sources */,
				456E529223D1412D001839E3 /* BlurredMask.swift in Sources */,
				456E524923D140D4001839E3 /* GaussianBlurControl.swift in Sources */,
				451F7E29232EE62900DFEBFA /* PostCell.swift in Sources */,
				456E528B23D1412D001839E3 /* GLImageView.swift in Sources */,
				456E524C23D140D4001839E3 /* ShadowsControl.swift in Sources */,
				456E52A423D1412E001839E3 /* FilterUnsharpMask.swift in Sources */,
				456E529023D1412D001839E3 /* Filtering.swift in Sources */,
				456E529123D1412D001839E3 /* DrawnPathInRect.swift in Sources */,
				F6A9AC01234F3B7F00E01006 /* CustomAnnotation.swift in Sources */,
			);
			runOnlyForDeploymentPostprocessing = 0;
		};
		459293BF232AC516008B8B86 /* Sources */ = {
			isa = PBXSourcesBuildPhase;
			buildActionMask = 2147483647;
			files = (
				459293C8232AC516008B8B86 /* StreetTaggedTests.swift in Sources */,
			);
			runOnlyForDeploymentPostprocessing = 0;
		};
		459293CA232AC516008B8B86 /* Sources */ = {
			isa = PBXSourcesBuildPhase;
			buildActionMask = 2147483647;
			files = (
				459293D3232AC516008B8B86 /* StreetTaggedUITests.swift in Sources */,
			);
			runOnlyForDeploymentPostprocessing = 0;
		};
/* End PBXSourcesBuildPhase section */

/* Begin PBXTargetDependency section */
		459293C5232AC516008B8B86 /* PBXTargetDependency */ = {
			isa = PBXTargetDependency;
			target = 459293AB232AC515008B8B86 /* StreetTagged */;
			targetProxy = 459293C4232AC516008B8B86 /* PBXContainerItemProxy */;
		};
		459293D0232AC516008B8B86 /* PBXTargetDependency */ = {
			isa = PBXTargetDependency;
			target = 459293AB232AC515008B8B86 /* StreetTagged */;
			targetProxy = 459293CF232AC516008B8B86 /* PBXContainerItemProxy */;
		};
/* End PBXTargetDependency section */

/* Begin PBXVariantGroup section */
		459293B3232AC515008B8B86 /* Main.storyboard */ = {
			isa = PBXVariantGroup;
			children = (
				459293B4232AC515008B8B86 /* Base */,
			);
			name = Main.storyboard;
			sourceTree = "<group>";
		};
		459293BB232AC516008B8B86 /* LaunchScreen.storyboard */ = {
			isa = PBXVariantGroup;
			children = (
				459293BC232AC516008B8B86 /* Base */,
			);
			name = LaunchScreen.storyboard;
			sourceTree = "<group>";
		};
/* End PBXVariantGroup section */

/* Begin XCBuildConfiguration section */
		459293D5232AC516008B8B86 /* Debug */ = {
			isa = XCBuildConfiguration;
			baseConfigurationReference = 456C0B2423CAAA03001B7BEB /* AppConfig.xcconfig */;
			buildSettings = {
				ALWAYS_SEARCH_USER_PATHS = NO;
				CLANG_ANALYZER_NONNULL = YES;
				CLANG_ANALYZER_NUMBER_OBJECT_CONVERSION = YES_AGGRESSIVE;
				CLANG_CXX_LANGUAGE_STANDARD = "gnu++14";
				CLANG_CXX_LIBRARY = "libc++";
				CLANG_ENABLE_MODULES = YES;
				CLANG_ENABLE_OBJC_ARC = YES;
				CLANG_ENABLE_OBJC_WEAK = YES;
				CLANG_WARN_BLOCK_CAPTURE_AUTORELEASING = YES;
				CLANG_WARN_BOOL_CONVERSION = YES;
				CLANG_WARN_COMMA = YES;
				CLANG_WARN_CONSTANT_CONVERSION = YES;
				CLANG_WARN_DEPRECATED_OBJC_IMPLEMENTATIONS = YES;
				CLANG_WARN_DIRECT_OBJC_ISA_USAGE = YES_ERROR;
				CLANG_WARN_DOCUMENTATION_COMMENTS = YES;
				CLANG_WARN_EMPTY_BODY = YES;
				CLANG_WARN_ENUM_CONVERSION = YES;
				CLANG_WARN_INFINITE_RECURSION = YES;
				CLANG_WARN_INT_CONVERSION = YES;
				CLANG_WARN_NON_LITERAL_NULL_CONVERSION = YES;
				CLANG_WARN_OBJC_IMPLICIT_RETAIN_SELF = YES;
				CLANG_WARN_OBJC_LITERAL_CONVERSION = YES;
				CLANG_WARN_OBJC_ROOT_CLASS = YES_ERROR;
				CLANG_WARN_RANGE_LOOP_ANALYSIS = YES;
				CLANG_WARN_STRICT_PROTOTYPES = YES;
				CLANG_WARN_SUSPICIOUS_MOVE = YES;
				CLANG_WARN_UNGUARDED_AVAILABILITY = YES_AGGRESSIVE;
				CLANG_WARN_UNREACHABLE_CODE = YES;
				CLANG_WARN__DUPLICATE_METHOD_MATCH = YES;
				CODE_SIGN_IDENTITY = "iPhone Developer";
				COPY_PHASE_STRIP = NO;
				DEBUG_INFORMATION_FORMAT = dwarf;
				ENABLE_STRICT_OBJC_MSGSEND = YES;
				ENABLE_TESTABILITY = YES;
				GCC_C_LANGUAGE_STANDARD = gnu11;
				GCC_DYNAMIC_NO_PIC = NO;
				GCC_NO_COMMON_BLOCKS = YES;
				GCC_OPTIMIZATION_LEVEL = 0;
				GCC_PREPROCESSOR_DEFINITIONS = (
					"DEBUG=1",
					"$(inherited)",
				);
				GCC_WARN_64_TO_32_BIT_CONVERSION = YES;
				GCC_WARN_ABOUT_RETURN_TYPE = YES_ERROR;
				GCC_WARN_UNDECLARED_SELECTOR = YES;
				GCC_WARN_UNINITIALIZED_AUTOS = YES_AGGRESSIVE;
				GCC_WARN_UNUSED_FUNCTION = YES;
				GCC_WARN_UNUSED_VARIABLE = YES;
				IPHONEOS_DEPLOYMENT_TARGET = 12.4;
				MTL_ENABLE_DEBUG_INFO = INCLUDE_SOURCE;
				MTL_FAST_MATH = YES;
				ONLY_ACTIVE_ARCH = YES;
				SDKROOT = iphoneos;
				SWIFT_ACTIVE_COMPILATION_CONDITIONS = DEBUG;
				SWIFT_OPTIMIZATION_LEVEL = "-Onone";
			};
			name = Debug;
		};
		459293D6232AC516008B8B86 /* Release */ = {
			isa = XCBuildConfiguration;
			buildSettings = {
				ALWAYS_SEARCH_USER_PATHS = NO;
				CLANG_ANALYZER_NONNULL = YES;
				CLANG_ANALYZER_NUMBER_OBJECT_CONVERSION = YES_AGGRESSIVE;
				CLANG_CXX_LANGUAGE_STANDARD = "gnu++14";
				CLANG_CXX_LIBRARY = "libc++";
				CLANG_ENABLE_MODULES = YES;
				CLANG_ENABLE_OBJC_ARC = YES;
				CLANG_ENABLE_OBJC_WEAK = YES;
				CLANG_WARN_BLOCK_CAPTURE_AUTORELEASING = YES;
				CLANG_WARN_BOOL_CONVERSION = YES;
				CLANG_WARN_COMMA = YES;
				CLANG_WARN_CONSTANT_CONVERSION = YES;
				CLANG_WARN_DEPRECATED_OBJC_IMPLEMENTATIONS = YES;
				CLANG_WARN_DIRECT_OBJC_ISA_USAGE = YES_ERROR;
				CLANG_WARN_DOCUMENTATION_COMMENTS = YES;
				CLANG_WARN_EMPTY_BODY = YES;
				CLANG_WARN_ENUM_CONVERSION = YES;
				CLANG_WARN_INFINITE_RECURSION = YES;
				CLANG_WARN_INT_CONVERSION = YES;
				CLANG_WARN_NON_LITERAL_NULL_CONVERSION = YES;
				CLANG_WARN_OBJC_IMPLICIT_RETAIN_SELF = YES;
				CLANG_WARN_OBJC_LITERAL_CONVERSION = YES;
				CLANG_WARN_OBJC_ROOT_CLASS = YES_ERROR;
				CLANG_WARN_RANGE_LOOP_ANALYSIS = YES;
				CLANG_WARN_STRICT_PROTOTYPES = YES;
				CLANG_WARN_SUSPICIOUS_MOVE = YES;
				CLANG_WARN_UNGUARDED_AVAILABILITY = YES_AGGRESSIVE;
				CLANG_WARN_UNREACHABLE_CODE = YES;
				CLANG_WARN__DUPLICATE_METHOD_MATCH = YES;
				CODE_SIGN_IDENTITY = "iPhone Developer";
				COPY_PHASE_STRIP = NO;
				DEBUG_INFORMATION_FORMAT = "dwarf-with-dsym";
				ENABLE_NS_ASSERTIONS = NO;
				ENABLE_STRICT_OBJC_MSGSEND = YES;
				GCC_C_LANGUAGE_STANDARD = gnu11;
				GCC_NO_COMMON_BLOCKS = YES;
				GCC_WARN_64_TO_32_BIT_CONVERSION = YES;
				GCC_WARN_ABOUT_RETURN_TYPE = YES_ERROR;
				GCC_WARN_UNDECLARED_SELECTOR = YES;
				GCC_WARN_UNINITIALIZED_AUTOS = YES_AGGRESSIVE;
				GCC_WARN_UNUSED_FUNCTION = YES;
				GCC_WARN_UNUSED_VARIABLE = YES;
				IPHONEOS_DEPLOYMENT_TARGET = 12.4;
				MTL_ENABLE_DEBUG_INFO = NO;
				MTL_FAST_MATH = YES;
				SDKROOT = iphoneos;
				SWIFT_COMPILATION_MODE = wholemodule;
				SWIFT_OPTIMIZATION_LEVEL = "-O";
				VALIDATE_PRODUCT = YES;
			};
			name = Release;
		};
		459293D8232AC516008B8B86 /* Debug */ = {
			isa = XCBuildConfiguration;
			baseConfigurationReference = 6623B001B515D829FFB0E462 /* Pods-StreetTagged.debug.xcconfig */;
			buildSettings = {
				ASSETCATALOG_COMPILER_APPICON_NAME = AppIcon;
				CODE_SIGN_STYLE = Automatic;
				CURRENT_PROJECT_VERSION = 2;
				DEVELOPMENT_TEAM = 69UBQ6HF54;
				INFOPLIST_FILE = StreetTagged/Info.plist;
				IPHONEOS_DEPLOYMENT_TARGET = 11.0;
				LD_RUNPATH_SEARCH_PATHS = (
					"$(inherited)",
					"@executable_path/Frameworks",
				);
				MARKETING_VERSION = 1.2.4;
				PRODUCT_BUNDLE_IDENTIFIER = com.streettagged.iosapp;
				PRODUCT_NAME = "$(TARGET_NAME)";
				SWIFT_VERSION = 5.0;
				TARGETED_DEVICE_FAMILY = "1,2";
			};
			name = Debug;
		};
		459293D9232AC516008B8B86 /* Release */ = {
			isa = XCBuildConfiguration;
			baseConfigurationReference = 84339197916B52561DE3F6BB /* Pods-StreetTagged.release.xcconfig */;
			buildSettings = {
				ASSETCATALOG_COMPILER_APPICON_NAME = AppIcon;
				CODE_SIGN_STYLE = Automatic;
				CURRENT_PROJECT_VERSION = 2;
				DEVELOPMENT_TEAM = H8J2PZ9WM8;
				INFOPLIST_FILE = StreetTagged/Info.plist;
				IPHONEOS_DEPLOYMENT_TARGET = 11.0;
				LD_RUNPATH_SEARCH_PATHS = (
					"$(inherited)",
					"@executable_path/Frameworks",
				);
				MARKETING_VERSION = 1.2.4;
				PRODUCT_BUNDLE_IDENTIFIER = com.streettagged.iosapp;
				PRODUCT_NAME = "$(TARGET_NAME)";
				SWIFT_VERSION = 5.0;
				TARGETED_DEVICE_FAMILY = "1,2";
			};
			name = Release;
		};
		459293DB232AC516008B8B86 /* Debug */ = {
			isa = XCBuildConfiguration;
			baseConfigurationReference = 5F16037D2CA8375757C539D6 /* Pods-StreetTaggedTests.debug.xcconfig */;
			buildSettings = {
				ALWAYS_EMBED_SWIFT_STANDARD_LIBRARIES = YES;
				BUNDLE_LOADER = "$(TEST_HOST)";
				CODE_SIGN_STYLE = Automatic;
				DEVELOPMENT_TEAM = 69UBQ6HF54;
				INFOPLIST_FILE = StreetTaggedTests/Info.plist;
				LD_RUNPATH_SEARCH_PATHS = (
					"$(inherited)",
					"@executable_path/Frameworks",
					"@loader_path/Frameworks",
				);
				PRODUCT_BUNDLE_IDENTIFIER = com.otech.StreetTaggedTests;
				PRODUCT_NAME = "$(TARGET_NAME)";
				SWIFT_VERSION = 5.0;
				TARGETED_DEVICE_FAMILY = "1,2";
				TEST_HOST = "$(BUILT_PRODUCTS_DIR)/StreetTagged.app/StreetTagged";
			};
			name = Debug;
		};
		459293DC232AC516008B8B86 /* Release */ = {
			isa = XCBuildConfiguration;
			baseConfigurationReference = E5008E8BF7380521EE90B9EB /* Pods-StreetTaggedTests.release.xcconfig */;
			buildSettings = {
				ALWAYS_EMBED_SWIFT_STANDARD_LIBRARIES = YES;
				BUNDLE_LOADER = "$(TEST_HOST)";
				CODE_SIGN_STYLE = Automatic;
				DEVELOPMENT_TEAM = 69UBQ6HF54;
				INFOPLIST_FILE = StreetTaggedTests/Info.plist;
				LD_RUNPATH_SEARCH_PATHS = (
					"$(inherited)",
					"@executable_path/Frameworks",
					"@loader_path/Frameworks",
				);
				PRODUCT_BUNDLE_IDENTIFIER = com.otech.StreetTaggedTests;
				PRODUCT_NAME = "$(TARGET_NAME)";
				SWIFT_VERSION = 5.0;
				TARGETED_DEVICE_FAMILY = "1,2";
				TEST_HOST = "$(BUILT_PRODUCTS_DIR)/StreetTagged.app/StreetTagged";
			};
			name = Release;
		};
		459293DE232AC516008B8B86 /* Debug */ = {
			isa = XCBuildConfiguration;
			baseConfigurationReference = EB759B62474DAFDADCCA34CC /* Pods-StreetTaggedUITests.debug.xcconfig */;
			buildSettings = {
				ALWAYS_EMBED_SWIFT_STANDARD_LIBRARIES = YES;
				CODE_SIGN_STYLE = Automatic;
				DEVELOPMENT_TEAM = 69UBQ6HF54;
				INFOPLIST_FILE = StreetTaggedUITests/Info.plist;
				LD_RUNPATH_SEARCH_PATHS = (
					"$(inherited)",
					"@executable_path/Frameworks",
					"@loader_path/Frameworks",
				);
				PRODUCT_BUNDLE_IDENTIFIER = com.otech.StreetTaggedUITests;
				PRODUCT_NAME = "$(TARGET_NAME)";
				SWIFT_VERSION = 5.0;
				TARGETED_DEVICE_FAMILY = "1,2";
				TEST_TARGET_NAME = StreetTagged;
			};
			name = Debug;
		};
		459293DF232AC516008B8B86 /* Release */ = {
			isa = XCBuildConfiguration;
			baseConfigurationReference = FE51AFDFD354FE34009B013B /* Pods-StreetTaggedUITests.release.xcconfig */;
			buildSettings = {
				ALWAYS_EMBED_SWIFT_STANDARD_LIBRARIES = YES;
				CODE_SIGN_STYLE = Automatic;
				DEVELOPMENT_TEAM = 69UBQ6HF54;
				INFOPLIST_FILE = StreetTaggedUITests/Info.plist;
				LD_RUNPATH_SEARCH_PATHS = (
					"$(inherited)",
					"@executable_path/Frameworks",
					"@loader_path/Frameworks",
				);
				PRODUCT_BUNDLE_IDENTIFIER = com.otech.StreetTaggedUITests;
				PRODUCT_NAME = "$(TARGET_NAME)";
				SWIFT_VERSION = 5.0;
				TARGETED_DEVICE_FAMILY = "1,2";
				TEST_TARGET_NAME = StreetTagged;
			};
			name = Release;
		};
/* End XCBuildConfiguration section */

/* Begin XCConfigurationList section */
		459293A7232AC515008B8B86 /* Build configuration list for PBXProject "StreetTagged" */ = {
			isa = XCConfigurationList;
			buildConfigurations = (
				459293D5232AC516008B8B86 /* Debug */,
				459293D6232AC516008B8B86 /* Release */,
			);
			defaultConfigurationIsVisible = 0;
			defaultConfigurationName = Release;
		};
		459293D7232AC516008B8B86 /* Build configuration list for PBXNativeTarget "StreetTagged" */ = {
			isa = XCConfigurationList;
			buildConfigurations = (
				459293D8232AC516008B8B86 /* Debug */,
				459293D9232AC516008B8B86 /* Release */,
			);
			defaultConfigurationIsVisible = 0;
			defaultConfigurationName = Release;
		};
		459293DA232AC516008B8B86 /* Build configuration list for PBXNativeTarget "StreetTaggedTests" */ = {
			isa = XCConfigurationList;
			buildConfigurations = (
				459293DB232AC516008B8B86 /* Debug */,
				459293DC232AC516008B8B86 /* Release */,
			);
			defaultConfigurationIsVisible = 0;
			defaultConfigurationName = Release;
		};
		459293DD232AC516008B8B86 /* Build configuration list for PBXNativeTarget "StreetTaggedUITests" */ = {
			isa = XCConfigurationList;
			buildConfigurations = (
				459293DE232AC516008B8B86 /* Debug */,
				459293DF232AC516008B8B86 /* Release */,
			);
			defaultConfigurationIsVisible = 0;
			defaultConfigurationName = Release;
		};
/* End XCConfigurationList section */

/* Begin XCVersionGroup section */
		459293B6232AC515008B8B86 /* StreetTagged.xcdatamodeld */ = {
			isa = XCVersionGroup;
			children = (
				459293B7232AC515008B8B86 /* StreetTagged.xcdatamodel */,
			);
			currentVersion = 459293B7232AC515008B8B86 /* StreetTagged.xcdatamodel */;
			path = StreetTagged.xcdatamodeld;
			sourceTree = "<group>";
			versionGroupType = wrapper.xcdatamodel;
		};
/* End XCVersionGroup section */
	};
	rootObject = 459293A4232AC515008B8B86 /* Project object */;
}
