PODS:
  - Alamofire (4.9.1)
  - AppleWelcomeScreen (1.0.2):
    - SnapKit
  - AWSAuthCore (2.12.5):
    - AWSCore (= 2.12.5)
  - AWSAuthUI (2.12.5):
    - AWSAuthCore (= 2.12.5)
    - AWSCore (= 2.12.5)
  - AWSCognitoIdentityProvider (2.12.5):
    - AWSCognitoIdentityProviderASF (= 1.0.1)
    - AWSCore (= 2.12.5)
  - AWSCognitoIdentityProviderASF (1.0.1)
  - AWSCore (2.12.5)
  - AWSMobileClient (2.12.5):
    - AWSAuthCore (= 2.12.5)
    - AWSCognitoIdentityProvider (= 2.12.5)
  - AWSS3 (2.12.5):
    - AWSCore (= 2.12.5)
  - AWSUserPoolsSignIn (2.12.5):
    - AWSAuthCore (= 2.12.5)
    - AWSCognitoIdentityProvider (= 2.12.5)
  - Cache (5.2.0)
  - ESTabBarController-swift (2.7)
  - Imaginary (4.2.0):
    - Cache (~> 5.0)
  - Kingfisher (5.12.0):
    - Kingfisher/Core (= 5.12.0)
  - Kingfisher/Core (5.12.0)
  - Lightbox (2.3.0):
    - Imaginary (~> 4.0)
  - lottie-ios (3.1.5)
  - Mapbox-iOS-SDK (5.6.1):
    - MapboxMobileEvents (= 0.10.2)
  - MapboxMobileEvents (0.10.2)
  - Realm (4.3.0):
    - Realm/Headers (= 4.3.0)
  - Realm/Headers (4.3.0)
  - RealmSwift (4.3.0):
    - Realm (= 4.3.0)
  - SnapKit (5.0.1)
  - WSTagsField (5.2.0)

DEPENDENCIES:
  - Alamofire
  - AppleWelcomeScreen
  - AWSAuthUI
  - AWSCore
  - AWSMobileClient
  - AWSS3
  - AWSUserPoolsSignIn
  - ESTabBarController-swift
  - Kingfisher (~> 5.0)
  - Lightbox
  - lottie-ios
  - Mapbox-iOS-SDK
  - RealmSwift
  - WSTagsField

SPEC REPOS:
  trunk:
    - Alamofire
    - AppleWelcomeScreen
    - AWSAuthCore
    - AWSAuthUI
    - AWSCognitoIdentityProvider
    - AWSCognitoIdentityProviderASF
    - AWSCore
    - AWSMobileClient
    - AWSS3
    - AWSUserPoolsSignIn
    - Cache
    - ESTabBarController-swift
    - Imaginary
    - Kingfisher
    - Lightbox
    - lottie-ios
    - Mapbox-iOS-SDK
    - MapboxMobileEvents
    - Realm
    - RealmSwift
    - SnapKit
    - WSTagsField

SPEC CHECKSUMS:
  Alamofire: 85e8a02c69d6020a0d734f6054870d7ecb75cf18
  AppleWelcomeScreen: 92fb44fc457df8fdc2af00e29546ef280571611f
  AWSAuthCore: 6b81b748f2fc0b315cda0acdf55f3a540eb8f9b7
  AWSAuthUI: 03e83f0a9fab660d43cb57e2fe073965737b910a
  AWSCognitoIdentityProvider: 7c8cbd6477fd84ccce33a349a46fb44d07edb252
  AWSCognitoIdentityProviderASF: f94f1a502e72ef3d0a1de93e10bf7a79c8698118
  AWSCore: 543d1c281ad08401d0a99e181526aa529051a8ad
  AWSMobileClient: 5ce94de58005c3042e99d51c2e6bec7956ef2b36
  AWSS3: 43c54c47c90e0ba408784117827a085ca5123830
  AWSUserPoolsSignIn: 96d6c17f826b2cc9f3232ae96900d8df4b5cee24
  Cache: 807c5d86d01a177f06ede9865add3aea269bbfd4
  ESTabBarController-swift: 4fb52ad03d94d0717ef97bc9eb09a5abfdded0a2
  Imaginary: dae33d06dbc2ada22f98afef5eb45cc061311a2c
  Kingfisher: dc6e0f53bb5b12c3e75bedb0e01bbd7a640eea69
  Lightbox: d317750e4132bfb871a5307cfe0a2c7d6a583c65
  lottie-ios: 32bf84389337d86fbc8b12266e88452e0abf1dee
  Mapbox-iOS-SDK: b31bd62a5dd5b7e688eab787acd3d093a122f4d6
  MapboxMobileEvents: 2bc0ca2eedb627b73cf403258dce2b2fa98074a6
  Realm: 9357c3589555793e1860a7104a7412bca4a48d99
  RealmSwift: 402f1e379a8ef82c635313037b043f0f06de880c
  SnapKit: 97b92857e3df3a0c71833cce143274bf6ef8e5eb
  WSTagsField: d57a287fd552934db1d93a85d38abbf74b067d6a

PODFILE CHECKSUM: 41be52c07220ffa56a279bd914f1904e60cc6fb6

COCOAPODS: 1.8.3
